
Microsoft Visual Studio Solution File, Format Version 12.00
# Visual Studio 14
VisualStudioVersion = 14.0.24720.0
MinimumVisualStudioVersion = 10.0.40219.1
Project("{8BC9CEB8-8B4A-11D0-8D11-00A0C91BC942}") = "GeneralFunction", "GeneralFunction\GeneralFunction.vcxproj", "{256288B4-4397-4267-884C-62AB29D5FBB5}"
EndProject
Project("{8BC9CEB8-8B4A-11D0-8D11-00A0C91BC942}") = "TrainingEngine", "TrainingEngine\TrainingEngine.vcxproj", "{4BF7995E-EBAB-46FC-898F-0AE6F686903F}"
	ProjectSection(ProjectDependencies) = postProject
		{256288B4-4397-4267-884C-62AB29D5FBB5} = {256288B4-4397-4267-884C-62AB29D5FBB5}
	EndProjectSection
EndProject
Project("{8BC9CEB8-8B4A-11D0-8D11-00A0C91BC942}") = "MatchingEngine", "MatchingEngine\MatchingEngine.vcxproj", "{B193F7AA-BE2C-499A-9393-DF93E05453A4}"
EndProject
Project("{8BC9CEB8-8B4A-11D0-8D11-00A0C91BC942}") = "TrainingConsole", "TrainingConsole\TrainingConsole.vcxproj", "{617B1012-6AA1-4D01-9751-7FB2DB5307BC}"
EndProject
Project("{8BC9CEB8-8B4A-11D0-8D11-00A0C91BC942}") = "TrainingTest", "TrainingTest\TrainingTest.vcxproj", "{E561039F-B9DD-4BC3-9B5F-3A5DD9E24BCD}"
EndProject
Project("{8BC9CEB8-8B4A-11D0-8D11-00A0C91BC942}") = "FastRobust", "FastRobust\FastRobust.vcxproj", "{701815AC-2788-4537-82A4-F6D386F6A3F0}"
EndProject
Project("{8BC9CEB8-8B4A-11D0-8D11-00A0C91BC942}") = "MatchingTest", "MatchingTest\MatchingTest.vcxproj", "{28E227B0-EDDC-4A75-855A-F88C0B2836DB}"
EndProject
Global
	GlobalSection(SolutionConfigurationPlatforms) = preSolution
		Debug|Win32 = Debug|Win32
		Debug|x64 = Debug|x64
		Debug|x86 = Debug|x86
		Release|Win32 = Release|Win32
		Release|x64 = Release|x64
		Release|x86 = Release|x86
	EndGlobalSection
	GlobalSection(ProjectConfigurationPlatforms) = postSolution
		{256288B4-4397-4267-884C-62AB29D5FBB5}.Debug|Win32.ActiveCfg = Debug|Win32
		{256288B4-4397-4267-884C-62AB29D5FBB5}.Debug|Win32.Build.0 = Debug|Win32
		{256288B4-4397-4267-884C-62AB29D5FBB5}.Debug|x64.ActiveCfg = Debug|x64
		{256288B4-4397-4267-884C-62AB29D5FBB5}.Debug|x64.Build.0 = Debug|x64
		{256288B4-4397-4267-884C-62AB29D5FBB5}.Debug|x86.ActiveCfg = Debug|Win32
		{256288B4-4397-4267-884C-62AB29D5FBB5}.Debug|x86.Build.0 = Debug|Win32
		{256288B4-4397-4267-884C-62AB29D5FBB5}.Release|Win32.ActiveCfg = Release|x64
		{256288B4-4397-4267-884C-62AB29D5FBB5}.Release|Win32.Build.0 = Release|x64
		{256288B4-4397-4267-884C-62AB29D5FBB5}.Release|x64.ActiveCfg = Release|x64
		{256288B4-4397-4267-884C-62AB29D5FBB5}.Release|x64.Build.0 = Release|x64
		{256288B4-4397-4267-884C-62AB29D5FBB5}.Release|x86.ActiveCfg = Release|Win32
		{256288B4-4397-4267-884C-62AB29D5FBB5}.Release|x86.Build.0 = Release|Win32
		{4BF7995E-EBAB-46FC-898F-0AE6F686903F}.Debug|Win32.ActiveCfg = Debug|Win32
		{4BF7995E-EBAB-46FC-898F-0AE6F686903F}.Debug|Win32.Build.0 = Debug|Win32
		{4BF7995E-EBAB-46FC-898F-0AE6F686903F}.Debug|x64.ActiveCfg = Debug|x64
		{4BF7995E-EBAB-46FC-898F-0AE6F686903F}.Debug|x64.Build.0 = Debug|x64
		{4BF7995E-EBAB-46FC-898F-0AE6F686903F}.Debug|x86.ActiveCfg = Debug|Win32
		{4BF7995E-EBAB-46FC-898F-0AE6F686903F}.Debug|x86.Build.0 = Debug|Win32
		{4BF7995E-EBAB-46FC-898F-0AE6F686903F}.Release|Win32.ActiveCfg = Release|x64
		{4BF7995E-EBAB-46FC-898F-0AE6F686903F}.Release|Win32.Build.0 = Release|x64
		{4BF7995E-EBAB-46FC-898F-0AE6F686903F}.Release|x64.ActiveCfg = Release|x64
		{4BF7995E-EBAB-46FC-898F-0AE6F686903F}.Release|x64.Build.0 = Release|x64
		{4BF7995E-EBAB-46FC-898F-0AE6F686903F}.Release|x86.ActiveCfg = Release|Win32
		{4BF7995E-EBAB-46FC-898F-0AE6F686903F}.Release|x86.Build.0 = Release|Win32
		{B193F7AA-BE2C-499A-9393-DF93E05453A4}.Debug|Win32.ActiveCfg = Debug|Win32
		{B193F7AA-BE2C-499A-9393-DF93E05453A4}.Debug|Win32.Build.0 = Debug|Win32
		{B193F7AA-BE2C-499A-9393-DF93E05453A4}.Debug|x64.ActiveCfg = Debug|x64
		{B193F7AA-BE2C-499A-9393-DF93E05453A4}.Debug|x64.Build.0 = Debug|x64
		{B193F7AA-BE2C-499A-9393-DF93E05453A4}.Debug|x86.ActiveCfg = Debug|Win32
		{B193F7AA-BE2C-499A-9393-DF93E05453A4}.Debug|x86.Build.0 = Debug|Win32
		{B193F7AA-BE2C-499A-9393-DF93E05453A4}.Release|Win32.ActiveCfg = Release|x64
		{B193F7AA-BE2C-499A-9393-DF93E05453A4}.Release|Win32.Build.0 = Release|x64
		{B193F7AA-BE2C-499A-9393-DF93E05453A4}.Release|x64.ActiveCfg = Release|x64
		{B193F7AA-BE2C-499A-9393-DF93E05453A4}.Release|x64.Build.0 = Release|x64
		{B193F7AA-BE2C-499A-9393-DF93E05453A4}.Release|x86.ActiveCfg = Release|Win32
		{B193F7AA-BE2C-499A-9393-DF93E05453A4}.Release|x86.Build.0 = Release|Win32
		{617B1012-6AA1-4D01-9751-7FB2DB5307BC}.Debug|Win32.ActiveCfg = Debug|Win32
		{617B1012-6AA1-4D01-9751-7FB2DB5307BC}.Debug|Win32.Build.0 = Debug|Win32
		{617B1012-6AA1-4D01-9751-7FB2DB5307BC}.Debug|x64.ActiveCfg = Debug|x64
		{617B1012-6AA1-4D01-9751-7FB2DB5307BC}.Debug|x64.Build.0 = Debug|x64
		{617B1012-6AA1-4D01-9751-7FB2DB5307BC}.Debug|x86.ActiveCfg = Debug|Win32
		{617B1012-6AA1-4D01-9751-7FB2DB5307BC}.Debug|x86.Build.0 = Debug|Win32
		{617B1012-6AA1-4D01-9751-7FB2DB5307BC}.Release|Win32.ActiveCfg = Release|Win32
		{617B1012-6AA1-4D01-9751-7FB2DB5307BC}.Release|Win32.Build.0 = Release|Win32
		{617B1012-6AA1-4D01-9751-7FB2DB5307BC}.Release|x64.ActiveCfg = Release|x64
		{617B1012-6AA1-4D01-9751-7FB2DB5307BC}.Release|x64.Build.0 = Release|x64
		{617B1012-6AA1-4D01-9751-7FB2DB5307BC}.Release|x86.ActiveCfg = Release|Win32
		{617B1012-6AA1-4D01-9751-7FB2DB5307BC}.Release|x86.Build.0 = Release|Win32
		{E561039F-B9DD-4BC3-9B5F-3A5DD9E24BCD}.Debug|Win32.ActiveCfg = Debug|Win32
		{E561039F-B9DD-4BC3-9B5F-3A5DD9E24BCD}.Debug|Win32.Build.0 = Debug|Win32
		{E561039F-B9DD-4BC3-9B5F-3A5DD9E24BCD}.Debug|x64.ActiveCfg = Debug|x64
		{E561039F-B9DD-4BC3-9B5F-3A5DD9E24BCD}.Debug|x64.Build.0 = Debug|x64
		{E561039F-B9DD-4BC3-9B5F-3A5DD9E24BCD}.Debug|x86.ActiveCfg = Debug|Win32
		{E561039F-B9DD-4BC3-9B5F-3A5DD9E24BCD}.Debug|x86.Build.0 = Debug|Win32
		{E561039F-B9DD-4BC3-9B5F-3A5DD9E24BCD}.Release|Win32.ActiveCfg = Release|Win32
		{E561039F-B9DD-4BC3-9B5F-3A5DD9E24BCD}.Release|Win32.Build.0 = Release|Win32
		{E561039F-B9DD-4BC3-9B5F-3A5DD9E24BCD}.Release|x64.ActiveCfg = Release|x64
		{E561039F-B9DD-4BC3-9B5F-3A5DD9E24BCD}.Release|x64.Build.0 = Release|x64
		{E561039F-B9DD-4BC3-9B5F-3A5DD9E24BCD}.Release|x86.ActiveCfg = Release|Win32
		{E561039F-B9DD-4BC3-9B5F-3A5DD9E24BCD}.Release|x86.Build.0 = Release|Win32
		{701815AC-2788-4537-82A4-F6D386F6A3F0}.Debug|Win32.ActiveCfg = Debug|Win32
		{701815AC-2788-4537-82A4-F6D386F6A3F0}.Debug|Win32.Build.0 = Debug|Win32
		{701815AC-2788-4537-82A4-F6D386F6A3F0}.Debug|x64.ActiveCfg = Debug|x64
		{701815AC-2788-4537-82A4-F6D386F6A3F0}.Debug|x64.Build.0 = Debug|x64
		{701815AC-2788-4537-82A4-F6D386F6A3F0}.Debug|x86.ActiveCfg = Debug|Win32
		{701815AC-2788-4537-82A4-F6D386F6A3F0}.Debug|x86.Build.0 = Debug|Win32
		{701815AC-2788-4537-82A4-F6D386F6A3F0}.Release|Win32.ActiveCfg = Release|Win32
		{701815AC-2788-4537-82A4-F6D386F6A3F0}.Release|Win32.Build.0 = Release|Win32
		{701815AC-2788-4537-82A4-F6D386F6A3F0}.Release|x64.ActiveCfg = Release|x64
		{701815AC-2788-4537-82A4-F6D386F6A3F0}.Release|x64.Build.0 = Release|x64
		{701815AC-2788-4537-82A4-F6D386F6A3F0}.Release|x86.ActiveCfg = Release|Win32
		{701815AC-2788-4537-82A4-F6D386F6A3F0}.Release|x86.Build.0 = Release|Win32
		{28E227B0-EDDC-4A75-855A-F88C0B2836DB}.Debug|Win32.ActiveCfg = Debug|Win32
		{28E227B0-EDDC-4A75-855A-F88C0B2836DB}.Debug|Win32.Build.0 = Debug|Win32
		{28E227B0-EDDC-4A75-855A-F88C0B2836DB}.Debug|x64.ActiveCfg = Debug|x64
		{28E227B0-EDDC-4A75-855A-F88C0B2836DB}.Debug|x64.Build.0 = Debug|x64
		{28E227B0-EDDC-4A75-855A-F88C0B2836DB}.Debug|x86.ActiveCfg = Debug|Win32
		{28E227B0-EDDC-4A75-855A-F88C0B2836DB}.Debug|x86.Build.0 = Debug|Win32
		{28E227B0-EDDC-4A75-855A-F88C0B2836DB}.Release|Win32.ActiveCfg = Release|Win32
		{28E227B0-EDDC-4A75-855A-F88C0B2836DB}.Release|Win32.Build.0 = Release|Win32
		{28E227B0-EDDC-4A75-855A-F88C0B2836DB}.Release|x64.ActiveCfg = Release|x64
		{28E227B0-EDDC-4A75-855A-F88C0B2836DB}.Release|x64.Build.0 = Release|x64
		{28E227B0-EDDC-4A75-855A-F88C0B2836DB}.Release|x86.ActiveCfg = Release|Win32
		{28E227B0-EDDC-4A75-855A-F88C0B2836DB}.Release|x86.Build.0 = Release|Win32
	EndGlobalSection
	GlobalSection(SolutionProperties) = preSolution
		HideSolutionNode = FALSE
	EndGlobalSection
EndGlobal
