<?xml version="1.0" encoding="utf-8"?>
<Project ToolsVersion="4.0" xmlns="http://schemas.microsoft.com/developer/msbuild/2003">
  <ItemGroup>
    <ClCompile Include="src\ofApp.cpp">
      <Filter>src</Filter>
    </ClCompile>
    <ClCompile Include="src\main.cpp">
      <Filter>src</Filter>
    </ClCompile>
    <ClCompile Include="..\..\of_v0.9.8_vs_release\addons\ofxOpenVR\src\CGLRenderModel.cpp">
      <Filter>addons\ofxOpenVR\src</Filter>
    </ClCompile>
    <ClCompile Include="..\..\of_v0.9.8_vs_release\addons\ofxOpenVR\src\Matrices.cpp">
      <Filter>addons\ofxOpenVR\src</Filter>
    </ClCompile>
    <ClCompile Include="..\..\of_v0.9.8_vs_release\addons\ofxOpenVR\src\ofxOpenVR.cpp">
      <Filter>addons\ofxOpenVR\src</Filter>
    </ClCompile>
    <ClCompile Include="..\..\of_v0.9.8_vs_release\addons\ofxGui\src\ofxBaseGui.cpp">
      <Filter>addons\ofxGui\src</Filter>
    </ClCompile>
    <ClCompile Include="..\..\of_v0.9.8_vs_release\addons\ofxGui\src\ofxButton.cpp">
      <Filter>addons\ofxGui\src</Filter>
    </ClCompile>
    <ClCompile Include="..\..\of_v0.9.8_vs_release\addons\ofxGui\src\ofxGuiGroup.cpp">
      <Filter>addons\ofxGui\src</Filter>
    </ClCompile>
    <ClCompile Include="..\..\of_v0.9.8_vs_release\addons\ofxGui\src\ofxLabel.cpp">
      <Filter>addons\ofxGui\src</Filter>
    </ClCompile>
    <ClCompile Include="..\..\of_v0.9.8_vs_release\addons\ofxGui\src\ofxPanel.cpp">
      <Filter>addons\ofxGui\src</Filter>
    </ClCompile>
    <ClCompile Include="..\..\of_v0.9.8_vs_release\addons\ofxGui\src\ofxSlider.cpp">
      <Filter>addons\ofxGui\src</Filter>
    </ClCompile>
    <ClCompile Include="..\..\of_v0.9.8_vs_release\addons\ofxGui\src\ofxSliderGroup.cpp">
      <Filter>addons\ofxGui\src</Filter>
    </ClCompile>
    <ClCompile Include="..\..\of_v0.9.8_vs_release\addons\ofxGui\src\ofxToggle.cpp">
      <Filter>addons\ofxGui\src</Filter>
    </ClCompile>
  </ItemGroup>
  <ItemGroup>
    <Filter Include="src">
      <UniqueIdentifier>{d8376475-7454-4a24-b08a-aac121d3ad6f}</UniqueIdentifier>
    </Filter>
    <Filter Include="addons">
      <UniqueIdentifier>{ef5bcf6a-95b8-40d6-89ca-319082f0f509}</UniqueIdentifier>
    </Filter>
    <Filter Include="addons\ofxOpenVR">
      <UniqueIdentifier>{690c7687-947a-47e2-99d2-8390247fa951}</UniqueIdentifier>
    </Filter>
    <Filter Include="addons\ofxOpenVR\src">
      <UniqueIdentifier>{02524025-2265-4b10-9367-9acec36d22e2}</UniqueIdentifier>
    </Filter>
    <Filter Include="addons\ofxOpenVR\libs">
      <UniqueIdentifier>{2c34992e-86b1-4750-9eb4-0c7b373d516f}</UniqueIdentifier>
    </Filter>
    <Filter Include="addons\ofxOpenVR\libs\OpenVR">
      <UniqueIdentifier>{7c8e9ae6-b81c-454d-8cc6-cf022820b4dd}</UniqueIdentifier>
    </Filter>
    <Filter Include="addons\ofxOpenVR\libs\OpenVR\include">
      <UniqueIdentifier>{36dbe678-eb17-492c-885a-dfbbdcc7656e}</UniqueIdentifier>
    </Filter>
    <Filter Include="addons\ofxGui">
      <UniqueIdentifier>{356343e4-9ec1-4e6f-80c0-481f4d1f2a97}</UniqueIdentifier>
    </Filter>
    <Filter Include="addons\ofxGui\src">
      <UniqueIdentifier>{c7ce0194-a53a-482f-9531-e6cc552f4f6a}</UniqueIdentifier>
    </Filter>
  </ItemGroup>
  <ItemGroup>
    <ClInclude Include="src\ofApp.h">
      <Filter>src</Filter>
    </ClInclude>
    <ClInclude Include="..\..\of_v0.9.8_vs_release\addons\ofxOpenVR\src\CGLRenderModel.h">
      <Filter>addons\ofxOpenVR\src</Filter>
    </ClInclude>
    <ClInclude Include="..\..\of_v0.9.8_vs_release\addons\ofxOpenVR\src\Matrices.h">
      <Filter>addons\ofxOpenVR\src</Filter>
    </ClInclude>
    <ClInclude Include="..\..\of_v0.9.8_vs_release\addons\ofxOpenVR\src\ofxOpenVR.h">
      <Filter>addons\ofxOpenVR\src</Filter>
    </ClInclude>
    <ClInclude Include="..\..\of_v0.9.8_vs_release\addons\ofxOpenVR\src\Vectors.h">
      <Filter>addons\ofxOpenVR\src</Filter>
    </ClInclude>
    <ClInclude Include="..\..\of_v0.9.8_vs_release\addons\ofxOpenVR\libs\OpenVR\include\openvr.h">
      <Filter>addons\ofxOpenVR\libs\OpenVR\include</Filter>
    </ClInclude>
    <ClInclude Include="..\..\of_v0.9.8_vs_release\addons\ofxOpenVR\libs\OpenVR\include\openvr_capi.h">
      <Filter>addons\ofxOpenVR\libs\OpenVR\include</Filter>
    </ClInclude>
    <ClInclude Include="..\..\of_v0.9.8_vs_release\addons\ofxOpenVR\libs\OpenVR\include\openvr_driver.h">
      <Filter>addons\ofxOpenVR\libs\OpenVR\include</Filter>
    </ClInclude>
    <ClInclude Include="..\..\of_v0.9.8_vs_release\addons\ofxGui\src\ofxBaseGui.h">
      <Filter>addons\ofxGui\src</Filter>
    </ClInclude>
    <ClInclude Include="..\..\of_v0.9.8_vs_release\addons\ofxGui\src\ofxButton.h">
      <Filter>addons\ofxGui\src</Filter>
    </ClInclude>
    <ClInclude Include="..\..\of_v0.9.8_vs_release\addons\ofxGui\src\ofxGui.h">
      <Filter>addons\ofxGui\src</Filter>
    </ClInclude>
    <ClInclude Include="..\..\of_v0.9.8_vs_release\addons\ofxGui\src\ofxGuiGroup.h">
      <Filter>addons\ofxGui\src</Filter>
    </ClInclude>
    <ClInclude Include="..\..\of_v0.9.8_vs_release\addons\ofxGui\src\ofxLabel.h">
      <Filter>addons\ofxGui\src</Filter>
    </ClInclude>
    <ClInclude Include="..\..\of_v0.9.8_vs_release\addons\ofxGui\src\ofxPanel.h">
      <Filter>addons\ofxGui\src</Filter>
    </ClInclude>
    <ClInclude Include="..\..\of_v0.9.8_vs_release\addons\ofxGui\src\ofxSlider.h">
      <Filter>addons\ofxGui\src</Filter>
    </ClInclude>
    <ClInclude Include="..\..\of_v0.9.8_vs_release\addons\ofxGui\src\ofxSliderGroup.h">
      <Filter>addons\ofxGui\src</Filter>
    </ClInclude>
    <ClInclude Include="..\..\of_v0.9.8_vs_release\addons\ofxGui\src\ofxToggle.h">
      <Filter>addons\ofxGui\src</Filter>
    </ClInclude>
  </ItemGroup>
  <ItemGroup>
    <ResourceCompile Include="icon.rc" />
  </ItemGroup>
</Project>