<?xml version="1.0" encoding="utf-8"?>
<Project ToolsVersion="4.0" xmlns="http://schemas.microsoft.com/developer/msbuild/2003">
  <ItemGroup>
    <ClCompile Include="src\ofApp.cpp">
      <Filter>src</Filter>
    </ClCompile>
    <ClCompile Include="src\main.cpp">
      <Filter>src</Filter>
    </ClCompile>
    <ClCompile Include="..\..\of_v0.9.8_vs_release\addons\ofxOpenVR\src\CGLRenderModel.cpp">
      <Filter>addons\ofxOpenVR\src</Filter>
    </ClCompile>
    <ClCompile Include="..\..\of_v0.9.8_vs_release\addons\ofxOpenVR\src\Matrices.cpp">
      <Filter>addons\ofxOpenVR\src</Filter>
    </ClCompile>
    <ClCompile Include="..\..\of_v0.9.8_vs_release\addons\ofxOpenVR\src\ofxOpenVR.cpp">
      <Filter>addons\ofxOpenVR\src</Filter>
    </ClCompile>
    <ClCompile Include="..\..\of_v0.9.8_vs_release\addons\ofxGui\src\ofxBaseGui.cpp">
      <Filter>addons\ofxGui\src</Filter>
    </ClCompile>
    <ClCompile Include="..\..\of_v0.9.8_vs_release\addons\ofxGui\src\ofxButton.cpp">
      <Filter>addons\ofxGui\src</Filter>
    </ClCompile>
    <ClCompile Include="..\..\of_v0.9.8_vs_release\addons\ofxGui\src\ofxGuiGroup.cpp">
      <Filter>addons\ofxGui\src</Filter>
    </ClCompile>
    <ClCompile Include="..\..\of_v0.9.8_vs_release\addons\ofxGui\src\ofxLabel.cpp">
      <Filter>addons\ofxGui\src</Filter>
    </ClCompile>
    <ClCompile Include="..\..\of_v0.9.8_vs_release\addons\ofxGui\src\ofxPanel.cpp">
      <Filter>addons\ofxGui\src</Filter>
    </ClCompile>
    <ClCompile Include="..\..\of_v0.9.8_vs_release\addons\ofxGui\src\ofxSlider.cpp">
      <Filter>addons\ofxGui\src</Filter>
    </ClCompile>
    <ClCompile Include="..\..\of_v0.9.8_vs_release\addons\ofxGui\src\ofxSliderGroup.cpp">
      <Filter>addons\ofxGui\src</Filter>
    </ClCompile>
    <ClCompile Include="..\..\of_v0.9.8_vs_release\addons\ofxGui\src\ofxToggle.cpp">
      <Filter>addons\ofxGui\src</Filter>
    </ClCompile>
    <ClCompile Include="src\CombinedCamera.cpp">
      <Filter>src</Filter>
    </ClCompile>
    <ClCompile Include="src\Cloning.cpp">
      <Filter>src</Filter>
    </ClCompile>
    <ClCompile Include="..\..\of_v0.9.8_vs_release\addons\ofxOpenCv\src\ofxCvColorImage.cpp">
      <Filter>addons\ofxOpenCv\src</Filter>
    </ClCompile>
    <ClCompile Include="..\..\of_v0.9.8_vs_release\addons\ofxOpenCv\src\ofxCvContourFinder.cpp">
      <Filter>addons\ofxOpenCv\src</Filter>
    </ClCompile>
    <ClCompile Include="..\..\of_v0.9.8_vs_release\addons\ofxOpenCv\src\ofxCvFloatImage.cpp">
      <Filter>addons\ofxOpenCv\src</Filter>
    </ClCompile>
    <ClCompile Include="..\..\of_v0.9.8_vs_release\addons\ofxOpenCv\src\ofxCvGrayscaleImage.cpp">
      <Filter>addons\ofxOpenCv\src</Filter>
    </ClCompile>
    <ClCompile Include="..\..\of_v0.9.8_vs_release\addons\ofxOpenCv\src\ofxCvHaarFinder.cpp">
      <Filter>addons\ofxOpenCv\src</Filter>
    </ClCompile>
    <ClCompile Include="..\..\of_v0.9.8_vs_release\addons\ofxOpenCv\src\ofxCvImage.cpp">
      <Filter>addons\ofxOpenCv\src</Filter>
    </ClCompile>
    <ClCompile Include="..\..\of_v0.9.8_vs_release\addons\ofxOpenCv\src\ofxCvShortImage.cpp">
      <Filter>addons\ofxOpenCv\src</Filter>
    </ClCompile>
    <ClCompile Include="src\Alignment.cpp">
      <Filter>src</Filter>
    </ClCompile>
  </ItemGroup>
  <ItemGroup>
    <Filter Include="src">
      <UniqueIdentifier>{d8376475-7454-4a24-b08a-aac121d3ad6f}</UniqueIdentifier>
    </Filter>
    <Filter Include="addons">
      <UniqueIdentifier>{ef5bcf6a-95b8-40d6-89ca-319082f0f509}</UniqueIdentifier>
    </Filter>
    <Filter Include="addons\ofxOpenVR">
      <UniqueIdentifier>{690c7687-947a-47e2-99d2-8390247fa951}</UniqueIdentifier>
    </Filter>
    <Filter Include="addons\ofxOpenVR\src">
      <UniqueIdentifier>{02524025-2265-4b10-9367-9acec36d22e2}</UniqueIdentifier>
    </Filter>
    <Filter Include="addons\ofxOpenVR\libs">
      <UniqueIdentifier>{2c34992e-86b1-4750-9eb4-0c7b373d516f}</UniqueIdentifier>
    </Filter>
    <Filter Include="addons\ofxOpenVR\libs\OpenVR">
      <UniqueIdentifier>{7c8e9ae6-b81c-454d-8cc6-cf022820b4dd}</UniqueIdentifier>
    </Filter>
    <Filter Include="addons\ofxOpenVR\libs\OpenVR\include">
      <UniqueIdentifier>{36dbe678-eb17-492c-885a-dfbbdcc7656e}</UniqueIdentifier>
    </Filter>
    <Filter Include="addons\ofxGui">
      <UniqueIdentifier>{356343e4-9ec1-4e6f-80c0-481f4d1f2a97}</UniqueIdentifier>
    </Filter>
    <Filter Include="addons\ofxGui\src">
      <UniqueIdentifier>{c7ce0194-a53a-482f-9531-e6cc552f4f6a}</UniqueIdentifier>
    </Filter>
    <Filter Include="addons\ofxOpenCv">
      <UniqueIdentifier>{2c33a500-9c33-437d-aacb-8c065cb59da0}</UniqueIdentifier>
    </Filter>
    <Filter Include="addons\ofxOpenCv\src">
      <UniqueIdentifier>{f0ae43da-69ce-43f4-bac4-4fc0d95477d7}</UniqueIdentifier>
    </Filter>
    <Filter Include="addons\ofxOpenCv\libs">
      <UniqueIdentifier>{19842d1d-027d-4817-b24d-90fb77767651}</UniqueIdentifier>
    </Filter>
    <Filter Include="addons\ofxOpenCv\libs\opencv">
      <UniqueIdentifier>{8174d851-a794-4bed-b4de-46d2a4dfebfb}</UniqueIdentifier>
    </Filter>
    <Filter Include="addons\ofxOpenCv\libs\opencv\include">
      <UniqueIdentifier>{b9bd07aa-789a-4334-95b0-9bd41b029052}</UniqueIdentifier>
    </Filter>
    <Filter Include="addons\ofxOpenCv\libs\opencv\include\opencv">
      <UniqueIdentifier>{a9a1d261-dbdf-4264-ab31-ca101124f7b3}</UniqueIdentifier>
    </Filter>
    <Filter Include="addons\ofxOpenCv\libs\opencv\include\opencv2">
      <UniqueIdentifier>{8eacd3e8-c4b4-41aa-8043-f4a85d671992}</UniqueIdentifier>
    </Filter>
    <Filter Include="addons\ofxOpenCv\libs\opencv\include\opencv2\calib3d">
      <UniqueIdentifier>{487a076b-8455-4ef6-87ee-1463a611329d}</UniqueIdentifier>
    </Filter>
    <Filter Include="addons\ofxOpenCv\libs\opencv\include\opencv2\core">
      <UniqueIdentifier>{f53ec2a7-5f92-4a72-99e9-228d1cc5ec02}</UniqueIdentifier>
    </Filter>
    <Filter Include="addons\ofxOpenCv\libs\opencv\include\opencv2\core\hal">
      <UniqueIdentifier>{661bd3ab-b681-424e-97c8-2822be8c489d}</UniqueIdentifier>
    </Filter>
    <Filter Include="addons\ofxOpenCv\libs\opencv\include\opencv2\features2d">
      <UniqueIdentifier>{82c807d0-02c5-4373-83ee-f0297e308f91}</UniqueIdentifier>
    </Filter>
    <Filter Include="addons\ofxOpenCv\libs\opencv\include\opencv2\flann">
      <UniqueIdentifier>{b5c387ed-d7fa-475f-a334-b20537c99466}</UniqueIdentifier>
    </Filter>
    <Filter Include="addons\ofxOpenCv\libs\opencv\include\opencv2\highgui">
      <UniqueIdentifier>{5860375e-db2d-4e9c-8e0f-c448b423bca6}</UniqueIdentifier>
    </Filter>
    <Filter Include="addons\ofxOpenCv\libs\opencv\include\opencv2\imgcodecs">
      <UniqueIdentifier>{6bba2673-21e6-4803-aa1b-d5d97217b9cf}</UniqueIdentifier>
    </Filter>
    <Filter Include="addons\ofxOpenCv\libs\opencv\include\opencv2\imgproc">
      <UniqueIdentifier>{15021be8-b9b1-4492-b632-469b793f89ec}</UniqueIdentifier>
    </Filter>
    <Filter Include="addons\ofxOpenCv\libs\opencv\include\opencv2\imgproc\detail">
      <UniqueIdentifier>{249bdbec-1d72-4013-8e2d-19b59e4acd7d}</UniqueIdentifier>
    </Filter>
    <Filter Include="addons\ofxOpenCv\libs\opencv\include\opencv2\ml">
      <UniqueIdentifier>{c9cc2302-6125-43d8-8668-82dd9d2f0269}</UniqueIdentifier>
    </Filter>
    <Filter Include="addons\ofxOpenCv\libs\opencv\include\opencv2\objdetect">
      <UniqueIdentifier>{96dc44ef-3f76-465f-8157-52677f965ef7}</UniqueIdentifier>
    </Filter>
    <Filter Include="addons\ofxOpenCv\libs\opencv\include\opencv2\photo">
      <UniqueIdentifier>{125ab0f4-3c50-4d00-b93c-0469f33458ad}</UniqueIdentifier>
    </Filter>
    <Filter Include="addons\ofxOpenCv\libs\opencv\include\opencv2\shape">
      <UniqueIdentifier>{7289767b-a5d1-4331-96fe-83818361d384}</UniqueIdentifier>
    </Filter>
    <Filter Include="addons\ofxOpenCv\libs\opencv\include\opencv2\stitching">
      <UniqueIdentifier>{6591ea45-cb08-459c-bd7e-1d33cab588bc}</UniqueIdentifier>
    </Filter>
    <Filter Include="addons\ofxOpenCv\libs\opencv\include\opencv2\stitching\detail">
      <UniqueIdentifier>{272af85a-be3f-46b1-b0ab-3f6fc85a1882}</UniqueIdentifier>
    </Filter>
    <Filter Include="addons\ofxOpenCv\libs\opencv\include\opencv2\superres">
      <UniqueIdentifier>{26782cda-3943-491d-b263-cc6f53888bbc}</UniqueIdentifier>
    </Filter>
    <Filter Include="addons\ofxOpenCv\libs\opencv\include\opencv2\video">
      <UniqueIdentifier>{d4022325-0882-4b8f-87a6-6277d1ceada1}</UniqueIdentifier>
    </Filter>
    <Filter Include="addons\ofxOpenCv\libs\opencv\include\opencv2\videoio">
      <UniqueIdentifier>{64c7f7d6-702d-4eb7-8599-3285686bde02}</UniqueIdentifier>
    </Filter>
    <Filter Include="addons\ofxOpenCv\libs\opencv\include\opencv2\videostab">
      <UniqueIdentifier>{69a44cbb-e882-4292-9864-063c3ff94ac5}</UniqueIdentifier>
    </Filter>
    <Filter Include="addons\ofxOpenCv\libs\opencv\include\opencv2_2.4.9">
      <UniqueIdentifier>{ec247bbf-f8c3-4714-b0c2-36255b2885ea}</UniqueIdentifier>
    </Filter>
    <Filter Include="addons\ofxOpenCv\libs\opencv\include\opencv2_2.4.9\calib3d">
      <UniqueIdentifier>{5b681289-c83a-4061-b6d2-4217c96dabaf}</UniqueIdentifier>
    </Filter>
    <Filter Include="addons\ofxOpenCv\libs\opencv\include\opencv2_2.4.9\contrib">
      <UniqueIdentifier>{8a344040-f26f-45a1-93d7-4c84619bde5e}</UniqueIdentifier>
    </Filter>
    <Filter Include="addons\ofxOpenCv\libs\opencv\include\opencv2_2.4.9\core">
      <UniqueIdentifier>{eb145fee-2588-4c5d-978a-61b36a126e39}</UniqueIdentifier>
    </Filter>
    <Filter Include="addons\ofxOpenCv\libs\opencv\include\opencv2_2.4.9\features2d">
      <UniqueIdentifier>{07a26071-4a62-46ac-ae26-b981a03b5f42}</UniqueIdentifier>
    </Filter>
    <Filter Include="addons\ofxOpenCv\libs\opencv\include\opencv2_2.4.9\flann">
      <UniqueIdentifier>{00886c70-8ff6-4459-af92-8ace3b5f675d}</UniqueIdentifier>
    </Filter>
    <Filter Include="addons\ofxOpenCv\libs\opencv\include\opencv2_2.4.9\gpu">
      <UniqueIdentifier>{8d8681a3-66ee-433d-8d77-8b73e5d73287}</UniqueIdentifier>
    </Filter>
    <Filter Include="addons\ofxOpenCv\libs\opencv\include\opencv2_2.4.9\gpu\device">
      <UniqueIdentifier>{77ee59fa-a9bc-4610-b2a6-0c76ad1431ca}</UniqueIdentifier>
    </Filter>
    <Filter Include="addons\ofxOpenCv\libs\opencv\include\opencv2_2.4.9\gpu\device\detail">
      <UniqueIdentifier>{6e4ed49e-db35-4f19-9fa1-6db606dfc1e7}</UniqueIdentifier>
    </Filter>
    <Filter Include="addons\ofxOpenCv\libs\opencv\include\opencv2_2.4.9\highgui">
      <UniqueIdentifier>{74e38b62-ed50-4906-95c0-29fcbe212b4f}</UniqueIdentifier>
    </Filter>
    <Filter Include="addons\ofxOpenCv\libs\opencv\include\opencv2_2.4.9\imgproc">
      <UniqueIdentifier>{23a8ccb4-cf34-47e0-9d49-1e0d4a7c90a5}</UniqueIdentifier>
    </Filter>
    <Filter Include="addons\ofxOpenCv\libs\opencv\include\opencv2_2.4.9\legacy">
      <UniqueIdentifier>{2ba16db9-5815-44c1-ac75-eb63a3c512bf}</UniqueIdentifier>
    </Filter>
    <Filter Include="addons\ofxOpenCv\libs\opencv\include\opencv2_2.4.9\ml">
      <UniqueIdentifier>{1ba595cf-6fa8-49b4-93ab-cc40246a67bb}</UniqueIdentifier>
    </Filter>
    <Filter Include="addons\ofxOpenCv\libs\opencv\include\opencv2_2.4.9\nonfree">
      <UniqueIdentifier>{e93ed59f-55a2-4c10-a4c4-9d326cb94ad1}</UniqueIdentifier>
    </Filter>
    <Filter Include="addons\ofxOpenCv\libs\opencv\include\opencv2_2.4.9\objdetect">
      <UniqueIdentifier>{f6d0a159-b085-4a9b-b52f-973dd85a338c}</UniqueIdentifier>
    </Filter>
    <Filter Include="addons\ofxOpenCv\libs\opencv\include\opencv2_2.4.9\photo">
      <UniqueIdentifier>{fe175cc3-7a85-4a83-8bb7-9fc768e5f05b}</UniqueIdentifier>
    </Filter>
    <Filter Include="addons\ofxOpenCv\libs\opencv\include\opencv2_2.4.9\stitching">
      <UniqueIdentifier>{1d5d7f51-c55c-4fb1-b12b-926e7d11b968}</UniqueIdentifier>
    </Filter>
    <Filter Include="addons\ofxOpenCv\libs\opencv\include\opencv2_2.4.9\stitching\detail">
      <UniqueIdentifier>{a8a77f10-1968-4320-8502-3ebf13717978}</UniqueIdentifier>
    </Filter>
    <Filter Include="addons\ofxOpenCv\libs\opencv\include\opencv2_2.4.9\superres">
      <UniqueIdentifier>{1dab2019-9829-40fd-8178-66ee7b26a0d4}</UniqueIdentifier>
    </Filter>
    <Filter Include="addons\ofxOpenCv\libs\opencv\include\opencv2_2.4.9\ts">
      <UniqueIdentifier>{4601da65-e3e0-476e-a725-df497cf3ab6c}</UniqueIdentifier>
    </Filter>
    <Filter Include="addons\ofxOpenCv\libs\opencv\include\opencv2_2.4.9\video">
      <UniqueIdentifier>{3282bc73-44e7-47fe-998d-83658104deeb}</UniqueIdentifier>
    </Filter>
    <Filter Include="addons\ofxOpenCv\libs\opencv\include\opencv2_2.4.9\videostab">
      <UniqueIdentifier>{d0d629ef-2f69-49ea-a152-9ecfff2b4aa5}</UniqueIdentifier>
    </Filter>
    <Filter Include="addons\ofxOpenCv\libs\opencv\include\opencv_2.4.9">
      <UniqueIdentifier>{c55d7b44-d511-4e66-96bd-337ea3158113}</UniqueIdentifier>
    </Filter>
  </ItemGroup>
  <ItemGroup>
    <ClInclude Include="src\ofApp.h">
      <Filter>src</Filter>
    </ClInclude>
    <ClInclude Include="..\..\of_v0.9.8_vs_release\addons\ofxOpenVR\src\CGLRenderModel.h">
      <Filter>addons\ofxOpenVR\src</Filter>
    </ClInclude>
    <ClInclude Include="..\..\of_v0.9.8_vs_release\addons\ofxOpenVR\src\Matrices.h">
      <Filter>addons\ofxOpenVR\src</Filter>
    </ClInclude>
    <ClInclude Include="..\..\of_v0.9.8_vs_release\addons\ofxOpenVR\src\ofxOpenVR.h">
      <Filter>addons\ofxOpenVR\src</Filter>
    </ClInclude>
    <ClInclude Include="..\..\of_v0.9.8_vs_release\addons\ofxOpenVR\src\Vectors.h">
      <Filter>addons\ofxOpenVR\src</Filter>
    </ClInclude>
    <ClInclude Include="..\..\of_v0.9.8_vs_release\addons\ofxOpenVR\libs\OpenVR\include\openvr.h">
      <Filter>addons\ofxOpenVR\libs\OpenVR\include</Filter>
    </ClInclude>
    <ClInclude Include="..\..\of_v0.9.8_vs_release\addons\ofxOpenVR\libs\OpenVR\include\openvr_capi.h">
      <Filter>addons\ofxOpenVR\libs\OpenVR\include</Filter>
    </ClInclude>
    <ClInclude Include="..\..\of_v0.9.8_vs_release\addons\ofxOpenVR\libs\OpenVR\include\openvr_driver.h">
      <Filter>addons\ofxOpenVR\libs\OpenVR\include</Filter>
    </ClInclude>
    <ClInclude Include="..\..\of_v0.9.8_vs_release\addons\ofxGui\src\ofxBaseGui.h">
      <Filter>addons\ofxGui\src</Filter>
    </ClInclude>
    <ClInclude Include="..\..\of_v0.9.8_vs_release\addons\ofxGui\src\ofxButton.h">
      <Filter>addons\ofxGui\src</Filter>
    </ClInclude>
    <ClInclude Include="..\..\of_v0.9.8_vs_release\addons\ofxGui\src\ofxGui.h">
      <Filter>addons\ofxGui\src</Filter>
    </ClInclude>
    <ClInclude Include="..\..\of_v0.9.8_vs_release\addons\ofxGui\src\ofxGuiGroup.h">
      <Filter>addons\ofxGui\src</Filter>
    </ClInclude>
    <ClInclude Include="..\..\of_v0.9.8_vs_release\addons\ofxGui\src\ofxLabel.h">
      <Filter>addons\ofxGui\src</Filter>
    </ClInclude>
    <ClInclude Include="..\..\of_v0.9.8_vs_release\addons\ofxGui\src\ofxPanel.h">
      <Filter>addons\ofxGui\src</Filter>
    </ClInclude>
    <ClInclude Include="..\..\of_v0.9.8_vs_release\addons\ofxGui\src\ofxSlider.h">
      <Filter>addons\ofxGui\src</Filter>
    </ClInclude>
    <ClInclude Include="..\..\of_v0.9.8_vs_release\addons\ofxGui\src\ofxSliderGroup.h">
      <Filter>addons\ofxGui\src</Filter>
    </ClInclude>
    <ClInclude Include="..\..\of_v0.9.8_vs_release\addons\ofxGui\src\ofxToggle.h">
      <Filter>addons\ofxGui\src</Filter>
    </ClInclude>
    <ClInclude Include="src\CombinedCamera.h">
      <Filter>src</Filter>
    </ClInclude>
    <ClInclude Include="src\Cloning.h">
      <Filter>src</Filter>
    </ClInclude>
    <ClInclude Include="..\..\of_v0.9.8_vs_release\addons\ofxOpenCv\src\ofxCvBlob.h">
      <Filter>addons\ofxOpenCv\src</Filter>
    </ClInclude>
    <ClInclude Include="..\..\of_v0.9.8_vs_release\addons\ofxOpenCv\src\ofxCvColorImage.h">
      <Filter>addons\ofxOpenCv\src</Filter>
    </ClInclude>
    <ClInclude Include="..\..\of_v0.9.8_vs_release\addons\ofxOpenCv\src\ofxCvConstants.h">
      <Filter>addons\ofxOpenCv\src</Filter>
    </ClInclude>
    <ClInclude Include="..\..\of_v0.9.8_vs_release\addons\ofxOpenCv\src\ofxCvContourFinder.h">
      <Filter>addons\ofxOpenCv\src</Filter>
    </ClInclude>
    <ClInclude Include="..\..\of_v0.9.8_vs_release\addons\ofxOpenCv\src\ofxCvFloatImage.h">
      <Filter>addons\ofxOpenCv\src</Filter>
    </ClInclude>
    <ClInclude Include="..\..\of_v0.9.8_vs_release\addons\ofxOpenCv\src\ofxCvGrayscaleImage.h">
      <Filter>addons\ofxOpenCv\src</Filter>
    </ClInclude>
    <ClInclude Include="..\..\of_v0.9.8_vs_release\addons\ofxOpenCv\src\ofxCvHaarFinder.h">
      <Filter>addons\ofxOpenCv\src</Filter>
    </ClInclude>
    <ClInclude Include="..\..\of_v0.9.8_vs_release\addons\ofxOpenCv\src\ofxCvImage.h">
      <Filter>addons\ofxOpenCv\src</Filter>
    </ClInclude>
    <ClInclude Include="..\..\of_v0.9.8_vs_release\addons\ofxOpenCv\src\ofxCvShortImage.h">
      <Filter>addons\ofxOpenCv\src</Filter>
    </ClInclude>
    <ClInclude Include="..\..\of_v0.9.8_vs_release\addons\ofxOpenCv\src\ofxOpenCv.h">
      <Filter>addons\ofxOpenCv\src</Filter>
    </ClInclude>
    <ClInclude Include="..\..\of_v0.9.8_vs_release\addons\ofxOpenCv\libs\opencv\include\opencv\cv.h">
      <Filter>addons\ofxOpenCv\libs\opencv\include\opencv</Filter>
    </ClInclude>
    <ClInclude Include="..\..\of_v0.9.8_vs_release\addons\ofxOpenCv\libs\opencv\include\opencv\cvaux.h">
      <Filter>addons\ofxOpenCv\libs\opencv\include\opencv</Filter>
    </ClInclude>
    <ClInclude Include="..\..\of_v0.9.8_vs_release\addons\ofxOpenCv\libs\opencv\include\opencv\cvwimage.h">
      <Filter>addons\ofxOpenCv\libs\opencv\include\opencv</Filter>
    </ClInclude>
    <ClInclude Include="..\..\of_v0.9.8_vs_release\addons\ofxOpenCv\libs\opencv\include\opencv\cxcore.h">
      <Filter>addons\ofxOpenCv\libs\opencv\include\opencv</Filter>
    </ClInclude>
    <ClInclude Include="..\..\of_v0.9.8_vs_release\addons\ofxOpenCv\libs\opencv\include\opencv\cxmisc.h">
      <Filter>addons\ofxOpenCv\libs\opencv\include\opencv</Filter>
    </ClInclude>
    <ClInclude Include="..\..\of_v0.9.8_vs_release\addons\ofxOpenCv\libs\opencv\include\opencv\highgui.h">
      <Filter>addons\ofxOpenCv\libs\opencv\include\opencv</Filter>
    </ClInclude>
    <ClInclude Include="..\..\of_v0.9.8_vs_release\addons\ofxOpenCv\libs\opencv\include\opencv\ml.h">
      <Filter>addons\ofxOpenCv\libs\opencv\include\opencv</Filter>
    </ClInclude>
    <ClInclude Include="..\..\of_v0.9.8_vs_release\addons\ofxOpenCv\libs\opencv\include\opencv\cv.hpp">
      <Filter>addons\ofxOpenCv\libs\opencv\include\opencv</Filter>
    </ClInclude>
    <ClInclude Include="..\..\of_v0.9.8_vs_release\addons\ofxOpenCv\libs\opencv\include\opencv\cvaux.hpp">
      <Filter>addons\ofxOpenCv\libs\opencv\include\opencv</Filter>
    </ClInclude>
    <ClInclude Include="..\..\of_v0.9.8_vs_release\addons\ofxOpenCv\libs\opencv\include\opencv\cxcore.hpp">
      <Filter>addons\ofxOpenCv\libs\opencv\include\opencv</Filter>
    </ClInclude>
    <ClInclude Include="..\..\of_v0.9.8_vs_release\addons\ofxOpenCv\libs\opencv\include\opencv\cxeigen.hpp">
      <Filter>addons\ofxOpenCv\libs\opencv\include\opencv</Filter>
    </ClInclude>
    <ClInclude Include="..\..\of_v0.9.8_vs_release\addons\ofxOpenCv\libs\opencv\include\opencv2\cvconfig.h">
      <Filter>addons\ofxOpenCv\libs\opencv\include\opencv2</Filter>
    </ClInclude>
    <ClInclude Include="..\..\of_v0.9.8_vs_release\addons\ofxOpenCv\libs\opencv\include\opencv2\calib3d.hpp">
      <Filter>addons\ofxOpenCv\libs\opencv\include\opencv2</Filter>
    </ClInclude>
    <ClInclude Include="..\..\of_v0.9.8_vs_release\addons\ofxOpenCv\libs\opencv\include\opencv2\core.hpp">
      <Filter>addons\ofxOpenCv\libs\opencv\include\opencv2</Filter>
    </ClInclude>
    <ClInclude Include="..\..\of_v0.9.8_vs_release\addons\ofxOpenCv\libs\opencv\include\opencv2\features2d.hpp">
      <Filter>addons\ofxOpenCv\libs\opencv\include\opencv2</Filter>
    </ClInclude>
    <ClInclude Include="..\..\of_v0.9.8_vs_release\addons\ofxOpenCv\libs\opencv\include\opencv2\flann.hpp">
      <Filter>addons\ofxOpenCv\libs\opencv\include\opencv2</Filter>
    </ClInclude>
    <ClInclude Include="..\..\of_v0.9.8_vs_release\addons\ofxOpenCv\libs\opencv\include\opencv2\highgui.hpp">
      <Filter>addons\ofxOpenCv\libs\opencv\include\opencv2</Filter>
    </ClInclude>
    <ClInclude Include="..\..\of_v0.9.8_vs_release\addons\ofxOpenCv\libs\opencv\include\opencv2\imgcodecs.hpp">
      <Filter>addons\ofxOpenCv\libs\opencv\include\opencv2</Filter>
    </ClInclude>
    <ClInclude Include="..\..\of_v0.9.8_vs_release\addons\ofxOpenCv\libs\opencv\include\opencv2\imgproc.hpp">
      <Filter>addons\ofxOpenCv\libs\opencv\include\opencv2</Filter>
    </ClInclude>
    <ClInclude Include="..\..\of_v0.9.8_vs_release\addons\ofxOpenCv\libs\opencv\include\opencv2\ml.hpp">
      <Filter>addons\ofxOpenCv\libs\opencv\include\opencv2</Filter>
    </ClInclude>
    <ClInclude Include="..\..\of_v0.9.8_vs_release\addons\ofxOpenCv\libs\opencv\include\opencv2\objdetect.hpp">
      <Filter>addons\ofxOpenCv\libs\opencv\include\opencv2</Filter>
    </ClInclude>
    <ClInclude Include="..\..\of_v0.9.8_vs_release\addons\ofxOpenCv\libs\opencv\include\opencv2\opencv.hpp">
      <Filter>addons\ofxOpenCv\libs\opencv\include\opencv2</Filter>
    </ClInclude>
    <ClInclude Include="..\..\of_v0.9.8_vs_release\addons\ofxOpenCv\libs\opencv\include\opencv2\opencv_modules.hpp">
      <Filter>addons\ofxOpenCv\libs\opencv\include\opencv2</Filter>
    </ClInclude>
    <ClInclude Include="..\..\of_v0.9.8_vs_release\addons\ofxOpenCv\libs\opencv\include\opencv2\photo.hpp">
      <Filter>addons\ofxOpenCv\libs\opencv\include\opencv2</Filter>
    </ClInclude>
    <ClInclude Include="..\..\of_v0.9.8_vs_release\addons\ofxOpenCv\libs\opencv\include\opencv2\shape.hpp">
      <Filter>addons\ofxOpenCv\libs\opencv\include\opencv2</Filter>
    </ClInclude>
    <ClInclude Include="..\..\of_v0.9.8_vs_release\addons\ofxOpenCv\libs\opencv\include\opencv2\stitching.hpp">
      <Filter>addons\ofxOpenCv\libs\opencv\include\opencv2</Filter>
    </ClInclude>
    <ClInclude Include="..\..\of_v0.9.8_vs_release\addons\ofxOpenCv\libs\opencv\include\opencv2\superres.hpp">
      <Filter>addons\ofxOpenCv\libs\opencv\include\opencv2</Filter>
    </ClInclude>
    <ClInclude Include="..\..\of_v0.9.8_vs_release\addons\ofxOpenCv\libs\opencv\include\opencv2\video.hpp">
      <Filter>addons\ofxOpenCv\libs\opencv\include\opencv2</Filter>
    </ClInclude>
    <ClInclude Include="..\..\of_v0.9.8_vs_release\addons\ofxOpenCv\libs\opencv\include\opencv2\videoio.hpp">
      <Filter>addons\ofxOpenCv\libs\opencv\include\opencv2</Filter>
    </ClInclude>
    <ClInclude Include="..\..\of_v0.9.8_vs_release\addons\ofxOpenCv\libs\opencv\include\opencv2\videostab.hpp">
      <Filter>addons\ofxOpenCv\libs\opencv\include\opencv2</Filter>
    </ClInclude>
    <ClInclude Include="..\..\of_v0.9.8_vs_release\addons\ofxOpenCv\libs\opencv\include\opencv2\world.hpp">
      <Filter>addons\ofxOpenCv\libs\opencv\include\opencv2</Filter>
    </ClInclude>
    <ClInclude Include="..\..\of_v0.9.8_vs_release\addons\ofxOpenCv\libs\opencv\include\opencv2\calib3d\calib3d_c.h">
      <Filter>addons\ofxOpenCv\libs\opencv\include\opencv2\calib3d</Filter>
    </ClInclude>
    <ClInclude Include="..\..\of_v0.9.8_vs_release\addons\ofxOpenCv\libs\opencv\include\opencv2\calib3d\calib3d.hpp">
      <Filter>addons\ofxOpenCv\libs\opencv\include\opencv2\calib3d</Filter>
    </ClInclude>
    <ClInclude Include="..\..\of_v0.9.8_vs_release\addons\ofxOpenCv\libs\opencv\include\opencv2\core\core_c.h">
      <Filter>addons\ofxOpenCv\libs\opencv\include\opencv2\core</Filter>
    </ClInclude>
    <ClInclude Include="..\..\of_v0.9.8_vs_release\addons\ofxOpenCv\libs\opencv\include\opencv2\core\cvdef.h">
      <Filter>addons\ofxOpenCv\libs\opencv\include\opencv2\core</Filter>
    </ClInclude>
    <ClInclude Include="..\..\of_v0.9.8_vs_release\addons\ofxOpenCv\libs\opencv\include\opencv2\core\types_c.h">
      <Filter>addons\ofxOpenCv\libs\opencv\include\opencv2\core</Filter>
    </ClInclude>
    <ClInclude Include="..\..\of_v0.9.8_vs_release\addons\ofxOpenCv\libs\opencv\include\opencv2\core\affine.hpp">
      <Filter>addons\ofxOpenCv\libs\opencv\include\opencv2\core</Filter>
    </ClInclude>
    <ClInclude Include="..\..\of_v0.9.8_vs_release\addons\ofxOpenCv\libs\opencv\include\opencv2\core\base.hpp">
      <Filter>addons\ofxOpenCv\libs\opencv\include\opencv2\core</Filter>
    </ClInclude>
    <ClInclude Include="..\..\of_v0.9.8_vs_release\addons\ofxOpenCv\libs\opencv\include\opencv2\core\bufferpool.hpp">
      <Filter>addons\ofxOpenCv\libs\opencv\include\opencv2\core</Filter>
    </ClInclude>
    <ClInclude Include="..\..\of_v0.9.8_vs_release\addons\ofxOpenCv\libs\opencv\include\opencv2\core\core.hpp">
      <Filter>addons\ofxOpenCv\libs\opencv\include\opencv2\core</Filter>
    </ClInclude>
    <ClInclude Include="..\..\of_v0.9.8_vs_release\addons\ofxOpenCv\libs\opencv\include\opencv2\core\cuda.hpp">
      <Filter>addons\ofxOpenCv\libs\opencv\include\opencv2\core</Filter>
    </ClInclude>
    <ClInclude Include="..\..\of_v0.9.8_vs_release\addons\ofxOpenCv\libs\opencv\include\opencv2\core\cuda.inl.hpp">
      <Filter>addons\ofxOpenCv\libs\opencv\include\opencv2\core</Filter>
    </ClInclude>
    <ClInclude Include="..\..\of_v0.9.8_vs_release\addons\ofxOpenCv\libs\opencv\include\opencv2\core\cuda_stream_accessor.hpp">
      <Filter>addons\ofxOpenCv\libs\opencv\include\opencv2\core</Filter>
    </ClInclude>
    <ClInclude Include="..\..\of_v0.9.8_vs_release\addons\ofxOpenCv\libs\opencv\include\opencv2\core\cuda_types.hpp">
      <Filter>addons\ofxOpenCv\libs\opencv\include\opencv2\core</Filter>
    </ClInclude>
    <ClInclude Include="..\..\of_v0.9.8_vs_release\addons\ofxOpenCv\libs\opencv\include\opencv2\core\cvstd.hpp">
      <Filter>addons\ofxOpenCv\libs\opencv\include\opencv2\core</Filter>
    </ClInclude>
    <ClInclude Include="..\..\of_v0.9.8_vs_release\addons\ofxOpenCv\libs\opencv\include\opencv2\core\cvstd.inl.hpp">
      <Filter>addons\ofxOpenCv\libs\opencv\include\opencv2\core</Filter>
    </ClInclude>
    <ClInclude Include="..\..\of_v0.9.8_vs_release\addons\ofxOpenCv\libs\opencv\include\opencv2\core\directx.hpp">
      <Filter>addons\ofxOpenCv\libs\opencv\include\opencv2\core</Filter>
    </ClInclude>
    <ClInclude Include="..\..\of_v0.9.8_vs_release\addons\ofxOpenCv\libs\opencv\include\opencv2\core\eigen.hpp">
      <Filter>addons\ofxOpenCv\libs\opencv\include\opencv2\core</Filter>
    </ClInclude>
    <ClInclude Include="..\..\of_v0.9.8_vs_release\addons\ofxOpenCv\libs\opencv\include\opencv2\core\fast_math.hpp">
      <Filter>addons\ofxOpenCv\libs\opencv\include\opencv2\core</Filter>
    </ClInclude>
    <ClInclude Include="..\..\of_v0.9.8_vs_release\addons\ofxOpenCv\libs\opencv\include\opencv2\core\ippasync.hpp">
      <Filter>addons\ofxOpenCv\libs\opencv\include\opencv2\core</Filter>
    </ClInclude>
    <ClInclude Include="..\..\of_v0.9.8_vs_release\addons\ofxOpenCv\libs\opencv\include\opencv2\core\mat.hpp">
      <Filter>addons\ofxOpenCv\libs\opencv\include\opencv2\core</Filter>
    </ClInclude>
    <ClInclude Include="..\..\of_v0.9.8_vs_release\addons\ofxOpenCv\libs\opencv\include\opencv2\core\mat.inl.hpp">
      <Filter>addons\ofxOpenCv\libs\opencv\include\opencv2\core</Filter>
    </ClInclude>
    <ClInclude Include="..\..\of_v0.9.8_vs_release\addons\ofxOpenCv\libs\opencv\include\opencv2\core\matx.hpp">
      <Filter>addons\ofxOpenCv\libs\opencv\include\opencv2\core</Filter>
    </ClInclude>
    <ClInclude Include="..\..\of_v0.9.8_vs_release\addons\ofxOpenCv\libs\opencv\include\opencv2\core\neon_utils.hpp">
      <Filter>addons\ofxOpenCv\libs\opencv\include\opencv2\core</Filter>
    </ClInclude>
    <ClInclude Include="..\..\of_v0.9.8_vs_release\addons\ofxOpenCv\libs\opencv\include\opencv2\core\ocl.hpp">
      <Filter>addons\ofxOpenCv\libs\opencv\include\opencv2\core</Filter>
    </ClInclude>
    <ClInclude Include="..\..\of_v0.9.8_vs_release\addons\ofxOpenCv\libs\opencv\include\opencv2\core\ocl_genbase.hpp">
      <Filter>addons\ofxOpenCv\libs\opencv\include\opencv2\core</Filter>
    </ClInclude>
    <ClInclude Include="..\..\of_v0.9.8_vs_release\addons\ofxOpenCv\libs\opencv\include\opencv2\core\opengl.hpp">
      <Filter>addons\ofxOpenCv\libs\opencv\include\opencv2\core</Filter>
    </ClInclude>
    <ClInclude Include="..\..\of_v0.9.8_vs_release\addons\ofxOpenCv\libs\opencv\include\opencv2\core\operations.hpp">
      <Filter>addons\ofxOpenCv\libs\opencv\include\opencv2\core</Filter>
    </ClInclude>
    <ClInclude Include="..\..\of_v0.9.8_vs_release\addons\ofxOpenCv\libs\opencv\include\opencv2\core\optim.hpp">
      <Filter>addons\ofxOpenCv\libs\opencv\include\opencv2\core</Filter>
    </ClInclude>
    <ClInclude Include="..\..\of_v0.9.8_vs_release\addons\ofxOpenCv\libs\opencv\include\opencv2\core\persistence.hpp">
      <Filter>addons\ofxOpenCv\libs\opencv\include\opencv2\core</Filter>
    </ClInclude>
    <ClInclude Include="..\..\of_v0.9.8_vs_release\addons\ofxOpenCv\libs\opencv\include\opencv2\core\private.cuda.hpp">
      <Filter>addons\ofxOpenCv\libs\opencv\include\opencv2\core</Filter>
    </ClInclude>
    <ClInclude Include="..\..\of_v0.9.8_vs_release\addons\ofxOpenCv\libs\opencv\include\opencv2\core\private.hpp">
      <Filter>addons\ofxOpenCv\libs\opencv\include\opencv2\core</Filter>
    </ClInclude>
    <ClInclude Include="..\..\of_v0.9.8_vs_release\addons\ofxOpenCv\libs\opencv\include\opencv2\core\ptr.inl.hpp">
      <Filter>addons\ofxOpenCv\libs\opencv\include\opencv2\core</Filter>
    </ClInclude>
    <ClInclude Include="..\..\of_v0.9.8_vs_release\addons\ofxOpenCv\libs\opencv\include\opencv2\core\saturate.hpp">
      <Filter>addons\ofxOpenCv\libs\opencv\include\opencv2\core</Filter>
    </ClInclude>
    <ClInclude Include="..\..\of_v0.9.8_vs_release\addons\ofxOpenCv\libs\opencv\include\opencv2\core\sse_utils.hpp">
      <Filter>addons\ofxOpenCv\libs\opencv\include\opencv2\core</Filter>
    </ClInclude>
    <ClInclude Include="..\..\of_v0.9.8_vs_release\addons\ofxOpenCv\libs\opencv\include\opencv2\core\traits.hpp">
      <Filter>addons\ofxOpenCv\libs\opencv\include\opencv2\core</Filter>
    </ClInclude>
    <ClInclude Include="..\..\of_v0.9.8_vs_release\addons\ofxOpenCv\libs\opencv\include\opencv2\core\types.hpp">
      <Filter>addons\ofxOpenCv\libs\opencv\include\opencv2\core</Filter>
    </ClInclude>
    <ClInclude Include="..\..\of_v0.9.8_vs_release\addons\ofxOpenCv\libs\opencv\include\opencv2\core\utility.hpp">
      <Filter>addons\ofxOpenCv\libs\opencv\include\opencv2\core</Filter>
    </ClInclude>
    <ClInclude Include="..\..\of_v0.9.8_vs_release\addons\ofxOpenCv\libs\opencv\include\opencv2\core\va_intel.hpp">
      <Filter>addons\ofxOpenCv\libs\opencv\include\opencv2\core</Filter>
    </ClInclude>
    <ClInclude Include="..\..\of_v0.9.8_vs_release\addons\ofxOpenCv\libs\opencv\include\opencv2\core\version.hpp">
      <Filter>addons\ofxOpenCv\libs\opencv\include\opencv2\core</Filter>
    </ClInclude>
    <ClInclude Include="..\..\of_v0.9.8_vs_release\addons\ofxOpenCv\libs\opencv\include\opencv2\core\wimage.hpp">
      <Filter>addons\ofxOpenCv\libs\opencv\include\opencv2\core</Filter>
    </ClInclude>
    <ClInclude Include="..\..\of_v0.9.8_vs_release\addons\ofxOpenCv\libs\opencv\include\opencv2\core\hal\interface.h">
      <Filter>addons\ofxOpenCv\libs\opencv\include\opencv2\core\hal</Filter>
    </ClInclude>
    <ClInclude Include="..\..\of_v0.9.8_vs_release\addons\ofxOpenCv\libs\opencv\include\opencv2\core\hal\hal.hpp">
      <Filter>addons\ofxOpenCv\libs\opencv\include\opencv2\core\hal</Filter>
    </ClInclude>
    <ClInclude Include="..\..\of_v0.9.8_vs_release\addons\ofxOpenCv\libs\opencv\include\opencv2\core\hal\intrin.hpp">
      <Filter>addons\ofxOpenCv\libs\opencv\include\opencv2\core\hal</Filter>
    </ClInclude>
    <ClInclude Include="..\..\of_v0.9.8_vs_release\addons\ofxOpenCv\libs\opencv\include\opencv2\core\hal\intrin_cpp.hpp">
      <Filter>addons\ofxOpenCv\libs\opencv\include\opencv2\core\hal</Filter>
    </ClInclude>
    <ClInclude Include="..\..\of_v0.9.8_vs_release\addons\ofxOpenCv\libs\opencv\include\opencv2\core\hal\intrin_neon.hpp">
      <Filter>addons\ofxOpenCv\libs\opencv\include\opencv2\core\hal</Filter>
    </ClInclude>
    <ClInclude Include="..\..\of_v0.9.8_vs_release\addons\ofxOpenCv\libs\opencv\include\opencv2\core\hal\intrin_sse.hpp">
      <Filter>addons\ofxOpenCv\libs\opencv\include\opencv2\core\hal</Filter>
    </ClInclude>
    <ClInclude Include="..\..\of_v0.9.8_vs_release\addons\ofxOpenCv\libs\opencv\include\opencv2\features2d\features2d.hpp">
      <Filter>addons\ofxOpenCv\libs\opencv\include\opencv2\features2d</Filter>
    </ClInclude>
    <ClInclude Include="..\..\of_v0.9.8_vs_release\addons\ofxOpenCv\libs\opencv\include\opencv2\flann\allocator.h">
      <Filter>addons\ofxOpenCv\libs\opencv\include\opencv2\flann</Filter>
    </ClInclude>
    <ClInclude Include="..\..\of_v0.9.8_vs_release\addons\ofxOpenCv\libs\opencv\include\opencv2\flann\all_indices.h">
      <Filter>addons\ofxOpenCv\libs\opencv\include\opencv2\flann</Filter>
    </ClInclude>
    <ClInclude Include="..\..\of_v0.9.8_vs_release\addons\ofxOpenCv\libs\opencv\include\opencv2\flann\any.h">
      <Filter>addons\ofxOpenCv\libs\opencv\include\opencv2\flann</Filter>
    </ClInclude>
    <ClInclude Include="..\..\of_v0.9.8_vs_release\addons\ofxOpenCv\libs\opencv\include\opencv2\flann\autotuned_index.h">
      <Filter>addons\ofxOpenCv\libs\opencv\include\opencv2\flann</Filter>
    </ClInclude>
    <ClInclude Include="..\..\of_v0.9.8_vs_release\addons\ofxOpenCv\libs\opencv\include\opencv2\flann\composite_index.h">
      <Filter>addons\ofxOpenCv\libs\opencv\include\opencv2\flann</Filter>
    </ClInclude>
    <ClInclude Include="..\..\of_v0.9.8_vs_release\addons\ofxOpenCv\libs\opencv\include\opencv2\flann\config.h">
      <Filter>addons\ofxOpenCv\libs\opencv\include\opencv2\flann</Filter>
    </ClInclude>
    <ClInclude Include="..\..\of_v0.9.8_vs_release\addons\ofxOpenCv\libs\opencv\include\opencv2\flann\defines.h">
      <Filter>addons\ofxOpenCv\libs\opencv\include\opencv2\flann</Filter>
    </ClInclude>
    <ClInclude Include="..\..\of_v0.9.8_vs_release\addons\ofxOpenCv\libs\opencv\include\opencv2\flann\dist.h">
      <Filter>addons\ofxOpenCv\libs\opencv\include\opencv2\flann</Filter>
    </ClInclude>
    <ClInclude Include="..\..\of_v0.9.8_vs_release\addons\ofxOpenCv\libs\opencv\include\opencv2\flann\dummy.h">
      <Filter>addons\ofxOpenCv\libs\opencv\include\opencv2\flann</Filter>
    </ClInclude>
    <ClInclude Include="..\..\of_v0.9.8_vs_release\addons\ofxOpenCv\libs\opencv\include\opencv2\flann\dynamic_bitset.h">
      <Filter>addons\ofxOpenCv\libs\opencv\include\opencv2\flann</Filter>
    </ClInclude>
    <ClInclude Include="..\..\of_v0.9.8_vs_release\addons\ofxOpenCv\libs\opencv\include\opencv2\flann\general.h">
      <Filter>addons\ofxOpenCv\libs\opencv\include\opencv2\flann</Filter>
    </ClInclude>
    <ClInclude Include="..\..\of_v0.9.8_vs_release\addons\ofxOpenCv\libs\opencv\include\opencv2\flann\ground_truth.h">
      <Filter>addons\ofxOpenCv\libs\opencv\include\opencv2\flann</Filter>
    </ClInclude>
    <ClInclude Include="..\..\of_v0.9.8_vs_release\addons\ofxOpenCv\libs\opencv\include\opencv2\flann\hdf5.h">
      <Filter>addons\ofxOpenCv\libs\opencv\include\opencv2\flann</Filter>
    </ClInclude>
    <ClInclude Include="..\..\of_v0.9.8_vs_release\addons\ofxOpenCv\libs\opencv\include\opencv2\flann\heap.h">
      <Filter>addons\ofxOpenCv\libs\opencv\include\opencv2\flann</Filter>
    </ClInclude>
    <ClInclude Include="..\..\of_v0.9.8_vs_release\addons\ofxOpenCv\libs\opencv\include\opencv2\flann\hierarchical_clustering_index.h">
      <Filter>addons\ofxOpenCv\libs\opencv\include\opencv2\flann</Filter>
    </ClInclude>
    <ClInclude Include="..\..\of_v0.9.8_vs_release\addons\ofxOpenCv\libs\opencv\include\opencv2\flann\index_testing.h">
      <Filter>addons\ofxOpenCv\libs\opencv\include\opencv2\flann</Filter>
    </ClInclude>
    <ClInclude Include="..\..\of_v0.9.8_vs_release\addons\ofxOpenCv\libs\opencv\include\opencv2\flann\kdtree_index.h">
      <Filter>addons\ofxOpenCv\libs\opencv\include\opencv2\flann</Filter>
    </ClInclude>
    <ClInclude Include="..\..\of_v0.9.8_vs_release\addons\ofxOpenCv\libs\opencv\include\opencv2\flann\kdtree_single_index.h">
      <Filter>addons\ofxOpenCv\libs\opencv\include\opencv2\flann</Filter>
    </ClInclude>
    <ClInclude Include="..\..\of_v0.9.8_vs_release\addons\ofxOpenCv\libs\opencv\include\opencv2\flann\kmeans_index.h">
      <Filter>addons\ofxOpenCv\libs\opencv\include\opencv2\flann</Filter>
    </ClInclude>
    <ClInclude Include="..\..\of_v0.9.8_vs_release\addons\ofxOpenCv\libs\opencv\include\opencv2\flann\linear_index.h">
      <Filter>addons\ofxOpenCv\libs\opencv\include\opencv2\flann</Filter>
    </ClInclude>
    <ClInclude Include="..\..\of_v0.9.8_vs_release\addons\ofxOpenCv\libs\opencv\include\opencv2\flann\logger.h">
      <Filter>addons\ofxOpenCv\libs\opencv\include\opencv2\flann</Filter>
    </ClInclude>
    <ClInclude Include="..\..\of_v0.9.8_vs_release\addons\ofxOpenCv\libs\opencv\include\opencv2\flann\lsh_index.h">
      <Filter>addons\ofxOpenCv\libs\opencv\include\opencv2\flann</Filter>
    </ClInclude>
    <ClInclude Include="..\..\of_v0.9.8_vs_release\addons\ofxOpenCv\libs\opencv\include\opencv2\flann\lsh_table.h">
      <Filter>addons\ofxOpenCv\libs\opencv\include\opencv2\flann</Filter>
    </ClInclude>
    <ClInclude Include="..\..\of_v0.9.8_vs_release\addons\ofxOpenCv\libs\opencv\include\opencv2\flann\matrix.h">
      <Filter>addons\ofxOpenCv\libs\opencv\include\opencv2\flann</Filter>
    </ClInclude>
    <ClInclude Include="..\..\of_v0.9.8_vs_release\addons\ofxOpenCv\libs\opencv\include\opencv2\flann\nn_index.h">
      <Filter>addons\ofxOpenCv\libs\opencv\include\opencv2\flann</Filter>
    </ClInclude>
    <ClInclude Include="..\..\of_v0.9.8_vs_release\addons\ofxOpenCv\libs\opencv\include\opencv2\flann\object_factory.h">
      <Filter>addons\ofxOpenCv\libs\opencv\include\opencv2\flann</Filter>
    </ClInclude>
    <ClInclude Include="..\..\of_v0.9.8_vs_release\addons\ofxOpenCv\libs\opencv\include\opencv2\flann\params.h">
      <Filter>addons\ofxOpenCv\libs\opencv\include\opencv2\flann</Filter>
    </ClInclude>
    <ClInclude Include="..\..\of_v0.9.8_vs_release\addons\ofxOpenCv\libs\opencv\include\opencv2\flann\random.h">
      <Filter>addons\ofxOpenCv\libs\opencv\include\opencv2\flann</Filter>
    </ClInclude>
    <ClInclude Include="..\..\of_v0.9.8_vs_release\addons\ofxOpenCv\libs\opencv\include\opencv2\flann\result_set.h">
      <Filter>addons\ofxOpenCv\libs\opencv\include\opencv2\flann</Filter>
    </ClInclude>
    <ClInclude Include="..\..\of_v0.9.8_vs_release\addons\ofxOpenCv\libs\opencv\include\opencv2\flann\sampling.h">
      <Filter>addons\ofxOpenCv\libs\opencv\include\opencv2\flann</Filter>
    </ClInclude>
    <ClInclude Include="..\..\of_v0.9.8_vs_release\addons\ofxOpenCv\libs\opencv\include\opencv2\flann\saving.h">
      <Filter>addons\ofxOpenCv\libs\opencv\include\opencv2\flann</Filter>
    </ClInclude>
    <ClInclude Include="..\..\of_v0.9.8_vs_release\addons\ofxOpenCv\libs\opencv\include\opencv2\flann\simplex_downhill.h">
      <Filter>addons\ofxOpenCv\libs\opencv\include\opencv2\flann</Filter>
    </ClInclude>
    <ClInclude Include="..\..\of_v0.9.8_vs_release\addons\ofxOpenCv\libs\opencv\include\opencv2\flann\timer.h">
      <Filter>addons\ofxOpenCv\libs\opencv\include\opencv2\flann</Filter>
    </ClInclude>
    <ClInclude Include="..\..\of_v0.9.8_vs_release\addons\ofxOpenCv\libs\opencv\include\opencv2\flann\flann.hpp">
      <Filter>addons\ofxOpenCv\libs\opencv\include\opencv2\flann</Filter>
    </ClInclude>
    <ClInclude Include="..\..\of_v0.9.8_vs_release\addons\ofxOpenCv\libs\opencv\include\opencv2\flann\flann_base.hpp">
      <Filter>addons\ofxOpenCv\libs\opencv\include\opencv2\flann</Filter>
    </ClInclude>
    <ClInclude Include="..\..\of_v0.9.8_vs_release\addons\ofxOpenCv\libs\opencv\include\opencv2\flann\miniflann.hpp">
      <Filter>addons\ofxOpenCv\libs\opencv\include\opencv2\flann</Filter>
    </ClInclude>
    <ClInclude Include="..\..\of_v0.9.8_vs_release\addons\ofxOpenCv\libs\opencv\include\opencv2\highgui\highgui_c.h">
      <Filter>addons\ofxOpenCv\libs\opencv\include\opencv2\highgui</Filter>
    </ClInclude>
    <ClInclude Include="..\..\of_v0.9.8_vs_release\addons\ofxOpenCv\libs\opencv\include\opencv2\highgui\highgui.hpp">
      <Filter>addons\ofxOpenCv\libs\opencv\include\opencv2\highgui</Filter>
    </ClInclude>
    <ClInclude Include="..\..\of_v0.9.8_vs_release\addons\ofxOpenCv\libs\opencv\include\opencv2\imgcodecs\imgcodecs_c.h">
      <Filter>addons\ofxOpenCv\libs\opencv\include\opencv2\imgcodecs</Filter>
    </ClInclude>
    <ClInclude Include="..\..\of_v0.9.8_vs_release\addons\ofxOpenCv\libs\opencv\include\opencv2\imgcodecs\ios.h">
      <Filter>addons\ofxOpenCv\libs\opencv\include\opencv2\imgcodecs</Filter>
    </ClInclude>
    <ClInclude Include="..\..\of_v0.9.8_vs_release\addons\ofxOpenCv\libs\opencv\include\opencv2\imgcodecs\imgcodecs.hpp">
      <Filter>addons\ofxOpenCv\libs\opencv\include\opencv2\imgcodecs</Filter>
    </ClInclude>
    <ClInclude Include="..\..\of_v0.9.8_vs_release\addons\ofxOpenCv\libs\opencv\include\opencv2\imgproc\imgproc_c.h">
      <Filter>addons\ofxOpenCv\libs\opencv\include\opencv2\imgproc</Filter>
    </ClInclude>
    <ClInclude Include="..\..\of_v0.9.8_vs_release\addons\ofxOpenCv\libs\opencv\include\opencv2\imgproc\types_c.h">
      <Filter>addons\ofxOpenCv\libs\opencv\include\opencv2\imgproc</Filter>
    </ClInclude>
    <ClInclude Include="..\..\of_v0.9.8_vs_release\addons\ofxOpenCv\libs\opencv\include\opencv2\imgproc\imgproc.hpp">
      <Filter>addons\ofxOpenCv\libs\opencv\include\opencv2\imgproc</Filter>
    </ClInclude>
    <ClInclude Include="..\..\of_v0.9.8_vs_release\addons\ofxOpenCv\libs\opencv\include\opencv2\imgproc\detail\distortion_model.hpp">
      <Filter>addons\ofxOpenCv\libs\opencv\include\opencv2\imgproc\detail</Filter>
    </ClInclude>
    <ClInclude Include="..\..\of_v0.9.8_vs_release\addons\ofxOpenCv\libs\opencv\include\opencv2\ml\ml.hpp">
      <Filter>addons\ofxOpenCv\libs\opencv\include\opencv2\ml</Filter>
    </ClInclude>
    <ClInclude Include="..\..\of_v0.9.8_vs_release\addons\ofxOpenCv\libs\opencv\include\opencv2\objdetect\objdetect_c.h">
      <Filter>addons\ofxOpenCv\libs\opencv\include\opencv2\objdetect</Filter>
    </ClInclude>
    <ClInclude Include="..\..\of_v0.9.8_vs_release\addons\ofxOpenCv\libs\opencv\include\opencv2\objdetect\detection_based_tracker.hpp">
      <Filter>addons\ofxOpenCv\libs\opencv\include\opencv2\objdetect</Filter>
    </ClInclude>
    <ClInclude Include="..\..\of_v0.9.8_vs_release\addons\ofxOpenCv\libs\opencv\include\opencv2\objdetect\objdetect.hpp">
      <Filter>addons\ofxOpenCv\libs\opencv\include\opencv2\objdetect</Filter>
    </ClInclude>
    <ClInclude Include="..\..\of_v0.9.8_vs_release\addons\ofxOpenCv\libs\opencv\include\opencv2\photo\photo_c.h">
      <Filter>addons\ofxOpenCv\libs\opencv\include\opencv2\photo</Filter>
    </ClInclude>
    <ClInclude Include="..\..\of_v0.9.8_vs_release\addons\ofxOpenCv\libs\opencv\include\opencv2\photo\cuda.hpp">
      <Filter>addons\ofxOpenCv\libs\opencv\include\opencv2\photo</Filter>
    </ClInclude>
    <ClInclude Include="..\..\of_v0.9.8_vs_release\addons\ofxOpenCv\libs\opencv\include\opencv2\photo\photo.hpp">
      <Filter>addons\ofxOpenCv\libs\opencv\include\opencv2\photo</Filter>
    </ClInclude>
    <ClInclude Include="..\..\of_v0.9.8_vs_release\addons\ofxOpenCv\libs\opencv\include\opencv2\shape\emdL1.hpp">
      <Filter>addons\ofxOpenCv\libs\opencv\include\opencv2\shape</Filter>
    </ClInclude>
    <ClInclude Include="..\..\of_v0.9.8_vs_release\addons\ofxOpenCv\libs\opencv\include\opencv2\shape\hist_cost.hpp">
      <Filter>addons\ofxOpenCv\libs\opencv\include\opencv2\shape</Filter>
    </ClInclude>
    <ClInclude Include="..\..\of_v0.9.8_vs_release\addons\ofxOpenCv\libs\opencv\include\opencv2\shape\shape.hpp">
      <Filter>addons\ofxOpenCv\libs\opencv\include\opencv2\shape</Filter>
    </ClInclude>
    <ClInclude Include="..\..\of_v0.9.8_vs_release\addons\ofxOpenCv\libs\opencv\include\opencv2\shape\shape_distance.hpp">
      <Filter>addons\ofxOpenCv\libs\opencv\include\opencv2\shape</Filter>
    </ClInclude>
    <ClInclude Include="..\..\of_v0.9.8_vs_release\addons\ofxOpenCv\libs\opencv\include\opencv2\shape\shape_transformer.hpp">
      <Filter>addons\ofxOpenCv\libs\opencv\include\opencv2\shape</Filter>
    </ClInclude>
    <ClInclude Include="..\..\of_v0.9.8_vs_release\addons\ofxOpenCv\libs\opencv\include\opencv2\stitching\warpers.hpp">
      <Filter>addons\ofxOpenCv\libs\opencv\include\opencv2\stitching</Filter>
    </ClInclude>
    <ClInclude Include="..\..\of_v0.9.8_vs_release\addons\ofxOpenCv\libs\opencv\include\opencv2\stitching\detail\autocalib.hpp">
      <Filter>addons\ofxOpenCv\libs\opencv\include\opencv2\stitching\detail</Filter>
    </ClInclude>
    <ClInclude Include="..\..\of_v0.9.8_vs_release\addons\ofxOpenCv\libs\opencv\include\opencv2\stitching\detail\blenders.hpp">
      <Filter>addons\ofxOpenCv\libs\opencv\include\opencv2\stitching\detail</Filter>
    </ClInclude>
    <ClInclude Include="..\..\of_v0.9.8_vs_release\addons\ofxOpenCv\libs\opencv\include\opencv2\stitching\detail\camera.hpp">
      <Filter>addons\ofxOpenCv\libs\opencv\include\opencv2\stitching\detail</Filter>
    </ClInclude>
    <ClInclude Include="..\..\of_v0.9.8_vs_release\addons\ofxOpenCv\libs\opencv\include\opencv2\stitching\detail\exposure_compensate.hpp">
      <Filter>addons\ofxOpenCv\libs\opencv\include\opencv2\stitching\detail</Filter>
    </ClInclude>
    <ClInclude Include="..\..\of_v0.9.8_vs_release\addons\ofxOpenCv\libs\opencv\include\opencv2\stitching\detail\matchers.hpp">
      <Filter>addons\ofxOpenCv\libs\opencv\include\opencv2\stitching\detail</Filter>
    </ClInclude>
    <ClInclude Include="..\..\of_v0.9.8_vs_release\addons\ofxOpenCv\libs\opencv\include\opencv2\stitching\detail\motion_estimators.hpp">
      <Filter>addons\ofxOpenCv\libs\opencv\include\opencv2\stitching\detail</Filter>
    </ClInclude>
    <ClInclude Include="..\..\of_v0.9.8_vs_release\addons\ofxOpenCv\libs\opencv\include\opencv2\stitching\detail\seam_finders.hpp">
      <Filter>addons\ofxOpenCv\libs\opencv\include\opencv2\stitching\detail</Filter>
    </ClInclude>
    <ClInclude Include="..\..\of_v0.9.8_vs_release\addons\ofxOpenCv\libs\opencv\include\opencv2\stitching\detail\timelapsers.hpp">
      <Filter>addons\ofxOpenCv\libs\opencv\include\opencv2\stitching\detail</Filter>
    </ClInclude>
    <ClInclude Include="..\..\of_v0.9.8_vs_release\addons\ofxOpenCv\libs\opencv\include\opencv2\stitching\detail\util.hpp">
      <Filter>addons\ofxOpenCv\libs\opencv\include\opencv2\stitching\detail</Filter>
    </ClInclude>
    <ClInclude Include="..\..\of_v0.9.8_vs_release\addons\ofxOpenCv\libs\opencv\include\opencv2\stitching\detail\util_inl.hpp">
      <Filter>addons\ofxOpenCv\libs\opencv\include\opencv2\stitching\detail</Filter>
    </ClInclude>
    <ClInclude Include="..\..\of_v0.9.8_vs_release\addons\ofxOpenCv\libs\opencv\include\opencv2\stitching\detail\warpers.hpp">
      <Filter>addons\ofxOpenCv\libs\opencv\include\opencv2\stitching\detail</Filter>
    </ClInclude>
    <ClInclude Include="..\..\of_v0.9.8_vs_release\addons\ofxOpenCv\libs\opencv\include\opencv2\stitching\detail\warpers_inl.hpp">
      <Filter>addons\ofxOpenCv\libs\opencv\include\opencv2\stitching\detail</Filter>
    </ClInclude>
    <ClInclude Include="..\..\of_v0.9.8_vs_release\addons\ofxOpenCv\libs\opencv\include\opencv2\superres\optical_flow.hpp">
      <Filter>addons\ofxOpenCv\libs\opencv\include\opencv2\superres</Filter>
    </ClInclude>
    <ClInclude Include="..\..\of_v0.9.8_vs_release\addons\ofxOpenCv\libs\opencv\include\opencv2\video\tracking_c.h">
      <Filter>addons\ofxOpenCv\libs\opencv\include\opencv2\video</Filter>
    </ClInclude>
    <ClInclude Include="..\..\of_v0.9.8_vs_release\addons\ofxOpenCv\libs\opencv\include\opencv2\video\background_segm.hpp">
      <Filter>addons\ofxOpenCv\libs\opencv\include\opencv2\video</Filter>
    </ClInclude>
    <ClInclude Include="..\..\of_v0.9.8_vs_release\addons\ofxOpenCv\libs\opencv\include\opencv2\video\tracking.hpp">
      <Filter>addons\ofxOpenCv\libs\opencv\include\opencv2\video</Filter>
    </ClInclude>
    <ClInclude Include="..\..\of_v0.9.8_vs_release\addons\ofxOpenCv\libs\opencv\include\opencv2\video\video.hpp">
      <Filter>addons\ofxOpenCv\libs\opencv\include\opencv2\video</Filter>
    </ClInclude>
    <ClInclude Include="..\..\of_v0.9.8_vs_release\addons\ofxOpenCv\libs\opencv\include\opencv2\videoio\cap_ios.h">
      <Filter>addons\ofxOpenCv\libs\opencv\include\opencv2\videoio</Filter>
    </ClInclude>
    <ClInclude Include="..\..\of_v0.9.8_vs_release\addons\ofxOpenCv\libs\opencv\include\opencv2\videoio\videoio_c.h">
      <Filter>addons\ofxOpenCv\libs\opencv\include\opencv2\videoio</Filter>
    </ClInclude>
    <ClInclude Include="..\..\of_v0.9.8_vs_release\addons\ofxOpenCv\libs\opencv\include\opencv2\videoio\videoio.hpp">
      <Filter>addons\ofxOpenCv\libs\opencv\include\opencv2\videoio</Filter>
    </ClInclude>
    <ClInclude Include="..\..\of_v0.9.8_vs_release\addons\ofxOpenCv\libs\opencv\include\opencv2\videostab\deblurring.hpp">
      <Filter>addons\ofxOpenCv\libs\opencv\include\opencv2\videostab</Filter>
    </ClInclude>
    <ClInclude Include="..\..\of_v0.9.8_vs_release\addons\ofxOpenCv\libs\opencv\include\opencv2\videostab\fast_marching.hpp">
      <Filter>addons\ofxOpenCv\libs\opencv\include\opencv2\videostab</Filter>
    </ClInclude>
    <ClInclude Include="..\..\of_v0.9.8_vs_release\addons\ofxOpenCv\libs\opencv\include\opencv2\videostab\fast_marching_inl.hpp">
      <Filter>addons\ofxOpenCv\libs\opencv\include\opencv2\videostab</Filter>
    </ClInclude>
    <ClInclude Include="..\..\of_v0.9.8_vs_release\addons\ofxOpenCv\libs\opencv\include\opencv2\videostab\frame_source.hpp">
      <Filter>addons\ofxOpenCv\libs\opencv\include\opencv2\videostab</Filter>
    </ClInclude>
    <ClInclude Include="..\..\of_v0.9.8_vs_release\addons\ofxOpenCv\libs\opencv\include\opencv2\videostab\global_motion.hpp">
      <Filter>addons\ofxOpenCv\libs\opencv\include\opencv2\videostab</Filter>
    </ClInclude>
    <ClInclude Include="..\..\of_v0.9.8_vs_release\addons\ofxOpenCv\libs\opencv\include\opencv2\videostab\inpainting.hpp">
      <Filter>addons\ofxOpenCv\libs\opencv\include\opencv2\videostab</Filter>
    </ClInclude>
    <ClInclude Include="..\..\of_v0.9.8_vs_release\addons\ofxOpenCv\libs\opencv\include\opencv2\videostab\log.hpp">
      <Filter>addons\ofxOpenCv\libs\opencv\include\opencv2\videostab</Filter>
    </ClInclude>
    <ClInclude Include="..\..\of_v0.9.8_vs_release\addons\ofxOpenCv\libs\opencv\include\opencv2\videostab\motion_core.hpp">
      <Filter>addons\ofxOpenCv\libs\opencv\include\opencv2\videostab</Filter>
    </ClInclude>
    <ClInclude Include="..\..\of_v0.9.8_vs_release\addons\ofxOpenCv\libs\opencv\include\opencv2\videostab\motion_stabilizing.hpp">
      <Filter>addons\ofxOpenCv\libs\opencv\include\opencv2\videostab</Filter>
    </ClInclude>
    <ClInclude Include="..\..\of_v0.9.8_vs_release\addons\ofxOpenCv\libs\opencv\include\opencv2\videostab\optical_flow.hpp">
      <Filter>addons\ofxOpenCv\libs\opencv\include\opencv2\videostab</Filter>
    </ClInclude>
    <ClInclude Include="..\..\of_v0.9.8_vs_release\addons\ofxOpenCv\libs\opencv\include\opencv2\videostab\outlier_rejection.hpp">
      <Filter>addons\ofxOpenCv\libs\opencv\include\opencv2\videostab</Filter>
    </ClInclude>
    <ClInclude Include="..\..\of_v0.9.8_vs_release\addons\ofxOpenCv\libs\opencv\include\opencv2\videostab\ring_buffer.hpp">
      <Filter>addons\ofxOpenCv\libs\opencv\include\opencv2\videostab</Filter>
    </ClInclude>
    <ClInclude Include="..\..\of_v0.9.8_vs_release\addons\ofxOpenCv\libs\opencv\include\opencv2\videostab\stabilizer.hpp">
      <Filter>addons\ofxOpenCv\libs\opencv\include\opencv2\videostab</Filter>
    </ClInclude>
    <ClInclude Include="..\..\of_v0.9.8_vs_release\addons\ofxOpenCv\libs\opencv\include\opencv2\videostab\wobble_suppression.hpp">
      <Filter>addons\ofxOpenCv\libs\opencv\include\opencv2\videostab</Filter>
    </ClInclude>
    <ClInclude Include="..\..\of_v0.9.8_vs_release\addons\ofxOpenCv\libs\opencv\include\opencv2_2.4.9\opencv.hpp">
      <Filter>addons\ofxOpenCv\libs\opencv\include\opencv2_2.4.9</Filter>
    </ClInclude>
    <ClInclude Include="..\..\of_v0.9.8_vs_release\addons\ofxOpenCv\libs\opencv\include\opencv2_2.4.9\opencv_modules.hpp">
      <Filter>addons\ofxOpenCv\libs\opencv\include\opencv2_2.4.9</Filter>
    </ClInclude>
    <ClInclude Include="..\..\of_v0.9.8_vs_release\addons\ofxOpenCv\libs\opencv\include\opencv2_2.4.9\calib3d\calib3d.hpp">
      <Filter>addons\ofxOpenCv\libs\opencv\include\opencv2_2.4.9\calib3d</Filter>
    </ClInclude>
    <ClInclude Include="..\..\of_v0.9.8_vs_release\addons\ofxOpenCv\libs\opencv\include\opencv2_2.4.9\contrib\contrib.hpp">
      <Filter>addons\ofxOpenCv\libs\opencv\include\opencv2_2.4.9\contrib</Filter>
    </ClInclude>
    <ClInclude Include="..\..\of_v0.9.8_vs_release\addons\ofxOpenCv\libs\opencv\include\opencv2_2.4.9\contrib\detection_based_tracker.hpp">
      <Filter>addons\ofxOpenCv\libs\opencv\include\opencv2_2.4.9\contrib</Filter>
    </ClInclude>
    <ClInclude Include="..\..\of_v0.9.8_vs_release\addons\ofxOpenCv\libs\opencv\include\opencv2_2.4.9\contrib\hybridtracker.hpp">
      <Filter>addons\ofxOpenCv\libs\opencv\include\opencv2_2.4.9\contrib</Filter>
    </ClInclude>
    <ClInclude Include="..\..\of_v0.9.8_vs_release\addons\ofxOpenCv\libs\opencv\include\opencv2_2.4.9\contrib\openfabmap.hpp">
      <Filter>addons\ofxOpenCv\libs\opencv\include\opencv2_2.4.9\contrib</Filter>
    </ClInclude>
    <ClInclude Include="..\..\of_v0.9.8_vs_release\addons\ofxOpenCv\libs\opencv\include\opencv2_2.4.9\contrib\retina.hpp">
      <Filter>addons\ofxOpenCv\libs\opencv\include\opencv2_2.4.9\contrib</Filter>
    </ClInclude>
    <ClInclude Include="..\..\of_v0.9.8_vs_release\addons\ofxOpenCv\libs\opencv\include\opencv2_2.4.9\core\core_c.h">
      <Filter>addons\ofxOpenCv\libs\opencv\include\opencv2_2.4.9\core</Filter>
    </ClInclude>
    <ClInclude Include="..\..\of_v0.9.8_vs_release\addons\ofxOpenCv\libs\opencv\include\opencv2_2.4.9\core\types_c.h">
      <Filter>addons\ofxOpenCv\libs\opencv\include\opencv2_2.4.9\core</Filter>
    </ClInclude>
    <ClInclude Include="..\..\of_v0.9.8_vs_release\addons\ofxOpenCv\libs\opencv\include\opencv2_2.4.9\core\affine.hpp">
      <Filter>addons\ofxOpenCv\libs\opencv\include\opencv2_2.4.9\core</Filter>
    </ClInclude>
    <ClInclude Include="..\..\of_v0.9.8_vs_release\addons\ofxOpenCv\libs\opencv\include\opencv2_2.4.9\core\core.hpp">
      <Filter>addons\ofxOpenCv\libs\opencv\include\opencv2_2.4.9\core</Filter>
    </ClInclude>
    <ClInclude Include="..\..\of_v0.9.8_vs_release\addons\ofxOpenCv\libs\opencv\include\opencv2_2.4.9\core\cuda_devptrs.hpp">
      <Filter>addons\ofxOpenCv\libs\opencv\include\opencv2_2.4.9\core</Filter>
    </ClInclude>
    <ClInclude Include="..\..\of_v0.9.8_vs_release\addons\ofxOpenCv\libs\opencv\include\opencv2_2.4.9\core\devmem2d.hpp">
      <Filter>addons\ofxOpenCv\libs\opencv\include\opencv2_2.4.9\core</Filter>
    </ClInclude>
    <ClInclude Include="..\..\of_v0.9.8_vs_release\addons\ofxOpenCv\libs\opencv\include\opencv2_2.4.9\core\eigen.hpp">
      <Filter>addons\ofxOpenCv\libs\opencv\include\opencv2_2.4.9\core</Filter>
    </ClInclude>
    <ClInclude Include="..\..\of_v0.9.8_vs_release\addons\ofxOpenCv\libs\opencv\include\opencv2_2.4.9\core\gpumat.hpp">
      <Filter>addons\ofxOpenCv\libs\opencv\include\opencv2_2.4.9\core</Filter>
    </ClInclude>
    <ClInclude Include="..\..\of_v0.9.8_vs_release\addons\ofxOpenCv\libs\opencv\include\opencv2_2.4.9\core\internal.hpp">
      <Filter>addons\ofxOpenCv\libs\opencv\include\opencv2_2.4.9\core</Filter>
    </ClInclude>
    <ClInclude Include="..\..\of_v0.9.8_vs_release\addons\ofxOpenCv\libs\opencv\include\opencv2_2.4.9\core\mat.hpp">
      <Filter>addons\ofxOpenCv\libs\opencv\include\opencv2_2.4.9\core</Filter>
    </ClInclude>
    <ClInclude Include="..\..\of_v0.9.8_vs_release\addons\ofxOpenCv\libs\opencv\include\opencv2_2.4.9\core\opengl_interop.hpp">
      <Filter>addons\ofxOpenCv\libs\opencv\include\opencv2_2.4.9\core</Filter>
    </ClInclude>
    <ClInclude Include="..\..\of_v0.9.8_vs_release\addons\ofxOpenCv\libs\opencv\include\opencv2_2.4.9\core\opengl_interop_deprecated.hpp">
      <Filter>addons\ofxOpenCv\libs\opencv\include\opencv2_2.4.9\core</Filter>
    </ClInclude>
    <ClInclude Include="..\..\of_v0.9.8_vs_release\addons\ofxOpenCv\libs\opencv\include\opencv2_2.4.9\core\operations.hpp">
      <Filter>addons\ofxOpenCv\libs\opencv\include\opencv2_2.4.9\core</Filter>
    </ClInclude>
    <ClInclude Include="..\..\of_v0.9.8_vs_release\addons\ofxOpenCv\libs\opencv\include\opencv2_2.4.9\core\version.hpp">
      <Filter>addons\ofxOpenCv\libs\opencv\include\opencv2_2.4.9\core</Filter>
    </ClInclude>
    <ClInclude Include="..\..\of_v0.9.8_vs_release\addons\ofxOpenCv\libs\opencv\include\opencv2_2.4.9\core\wimage.hpp">
      <Filter>addons\ofxOpenCv\libs\opencv\include\opencv2_2.4.9\core</Filter>
    </ClInclude>
    <ClInclude Include="..\..\of_v0.9.8_vs_release\addons\ofxOpenCv\libs\opencv\include\opencv2_2.4.9\features2d\features2d.hpp">
      <Filter>addons\ofxOpenCv\libs\opencv\include\opencv2_2.4.9\features2d</Filter>
    </ClInclude>
    <ClInclude Include="..\..\of_v0.9.8_vs_release\addons\ofxOpenCv\libs\opencv\include\opencv2_2.4.9\flann\allocator.h">
      <Filter>addons\ofxOpenCv\libs\opencv\include\opencv2_2.4.9\flann</Filter>
    </ClInclude>
    <ClInclude Include="..\..\of_v0.9.8_vs_release\addons\ofxOpenCv\libs\opencv\include\opencv2_2.4.9\flann\all_indices.h">
      <Filter>addons\ofxOpenCv\libs\opencv\include\opencv2_2.4.9\flann</Filter>
    </ClInclude>
    <ClInclude Include="..\..\of_v0.9.8_vs_release\addons\ofxOpenCv\libs\opencv\include\opencv2_2.4.9\flann\any.h">
      <Filter>addons\ofxOpenCv\libs\opencv\include\opencv2_2.4.9\flann</Filter>
    </ClInclude>
    <ClInclude Include="..\..\of_v0.9.8_vs_release\addons\ofxOpenCv\libs\opencv\include\opencv2_2.4.9\flann\autotuned_index.h">
      <Filter>addons\ofxOpenCv\libs\opencv\include\opencv2_2.4.9\flann</Filter>
    </ClInclude>
    <ClInclude Include="..\..\of_v0.9.8_vs_release\addons\ofxOpenCv\libs\opencv\include\opencv2_2.4.9\flann\composite_index.h">
      <Filter>addons\ofxOpenCv\libs\opencv\include\opencv2_2.4.9\flann</Filter>
    </ClInclude>
    <ClInclude Include="..\..\of_v0.9.8_vs_release\addons\ofxOpenCv\libs\opencv\include\opencv2_2.4.9\flann\config.h">
      <Filter>addons\ofxOpenCv\libs\opencv\include\opencv2_2.4.9\flann</Filter>
    </ClInclude>
    <ClInclude Include="..\..\of_v0.9.8_vs_release\addons\ofxOpenCv\libs\opencv\include\opencv2_2.4.9\flann\defines.h">
      <Filter>addons\ofxOpenCv\libs\opencv\include\opencv2_2.4.9\flann</Filter>
    </ClInclude>
    <ClInclude Include="..\..\of_v0.9.8_vs_release\addons\ofxOpenCv\libs\opencv\include\opencv2_2.4.9\flann\dist.h">
      <Filter>addons\ofxOpenCv\libs\opencv\include\opencv2_2.4.9\flann</Filter>
    </ClInclude>
    <ClInclude Include="..\..\of_v0.9.8_vs_release\addons\ofxOpenCv\libs\opencv\include\opencv2_2.4.9\flann\dummy.h">
      <Filter>addons\ofxOpenCv\libs\opencv\include\opencv2_2.4.9\flann</Filter>
    </ClInclude>
    <ClInclude Include="..\..\of_v0.9.8_vs_release\addons\ofxOpenCv\libs\opencv\include\opencv2_2.4.9\flann\dynamic_bitset.h">
      <Filter>addons\ofxOpenCv\libs\opencv\include\opencv2_2.4.9\flann</Filter>
    </ClInclude>
    <ClInclude Include="..\..\of_v0.9.8_vs_release\addons\ofxOpenCv\libs\opencv\include\opencv2_2.4.9\flann\general.h">
      <Filter>addons\ofxOpenCv\libs\opencv\include\opencv2_2.4.9\flann</Filter>
    </ClInclude>
    <ClInclude Include="..\..\of_v0.9.8_vs_release\addons\ofxOpenCv\libs\opencv\include\opencv2_2.4.9\flann\ground_truth.h">
      <Filter>addons\ofxOpenCv\libs\opencv\include\opencv2_2.4.9\flann</Filter>
    </ClInclude>
    <ClInclude Include="..\..\of_v0.9.8_vs_release\addons\ofxOpenCv\libs\opencv\include\opencv2_2.4.9\flann\hdf5.h">
      <Filter>addons\ofxOpenCv\libs\opencv\include\opencv2_2.4.9\flann</Filter>
    </ClInclude>
    <ClInclude Include="..\..\of_v0.9.8_vs_release\addons\ofxOpenCv\libs\opencv\include\opencv2_2.4.9\flann\heap.h">
      <Filter>addons\ofxOpenCv\libs\opencv\include\opencv2_2.4.9\flann</Filter>
    </ClInclude>
    <ClInclude Include="..\..\of_v0.9.8_vs_release\addons\ofxOpenCv\libs\opencv\include\opencv2_2.4.9\flann\hierarchical_clustering_index.h">
      <Filter>addons\ofxOpenCv\libs\opencv\include\opencv2_2.4.9\flann</Filter>
    </ClInclude>
    <ClInclude Include="..\..\of_v0.9.8_vs_release\addons\ofxOpenCv\libs\opencv\include\opencv2_2.4.9\flann\index_testing.h">
      <Filter>addons\ofxOpenCv\libs\opencv\include\opencv2_2.4.9\flann</Filter>
    </ClInclude>
    <ClInclude Include="..\..\of_v0.9.8_vs_release\addons\ofxOpenCv\libs\opencv\include\opencv2_2.4.9\flann\kdtree_index.h">
      <Filter>addons\ofxOpenCv\libs\opencv\include\opencv2_2.4.9\flann</Filter>
    </ClInclude>
    <ClInclude Include="..\..\of_v0.9.8_vs_release\addons\ofxOpenCv\libs\opencv\include\opencv2_2.4.9\flann\kdtree_single_index.h">
      <Filter>addons\ofxOpenCv\libs\opencv\include\opencv2_2.4.9\flann</Filter>
    </ClInclude>
    <ClInclude Include="..\..\of_v0.9.8_vs_release\addons\ofxOpenCv\libs\opencv\include\opencv2_2.4.9\flann\kmeans_index.h">
      <Filter>addons\ofxOpenCv\libs\opencv\include\opencv2_2.4.9\flann</Filter>
    </ClInclude>
    <ClInclude Include="..\..\of_v0.9.8_vs_release\addons\ofxOpenCv\libs\opencv\include\opencv2_2.4.9\flann\linear_index.h">
      <Filter>addons\ofxOpenCv\libs\opencv\include\opencv2_2.4.9\flann</Filter>
    </ClInclude>
    <ClInclude Include="..\..\of_v0.9.8_vs_release\addons\ofxOpenCv\libs\opencv\include\opencv2_2.4.9\flann\logger.h">
      <Filter>addons\ofxOpenCv\libs\opencv\include\opencv2_2.4.9\flann</Filter>
    </ClInclude>
    <ClInclude Include="..\..\of_v0.9.8_vs_release\addons\ofxOpenCv\libs\opencv\include\opencv2_2.4.9\flann\lsh_index.h">
      <Filter>addons\ofxOpenCv\libs\opencv\include\opencv2_2.4.9\flann</Filter>
    </ClInclude>
    <ClInclude Include="..\..\of_v0.9.8_vs_release\addons\ofxOpenCv\libs\opencv\include\opencv2_2.4.9\flann\lsh_table.h">
      <Filter>addons\ofxOpenCv\libs\opencv\include\opencv2_2.4.9\flann</Filter>
    </ClInclude>
    <ClInclude Include="..\..\of_v0.9.8_vs_release\addons\ofxOpenCv\libs\opencv\include\opencv2_2.4.9\flann\matrix.h">
      <Filter>addons\ofxOpenCv\libs\opencv\include\opencv2_2.4.9\flann</Filter>
    </ClInclude>
    <ClInclude Include="..\..\of_v0.9.8_vs_release\addons\ofxOpenCv\libs\opencv\include\opencv2_2.4.9\flann\nn_index.h">
      <Filter>addons\ofxOpenCv\libs\opencv\include\opencv2_2.4.9\flann</Filter>
    </ClInclude>
    <ClInclude Include="..\..\of_v0.9.8_vs_release\addons\ofxOpenCv\libs\opencv\include\opencv2_2.4.9\flann\object_factory.h">
      <Filter>addons\ofxOpenCv\libs\opencv\include\opencv2_2.4.9\flann</Filter>
    </ClInclude>
    <ClInclude Include="..\..\of_v0.9.8_vs_release\addons\ofxOpenCv\libs\opencv\include\opencv2_2.4.9\flann\params.h">
      <Filter>addons\ofxOpenCv\libs\opencv\include\opencv2_2.4.9\flann</Filter>
    </ClInclude>
    <ClInclude Include="..\..\of_v0.9.8_vs_release\addons\ofxOpenCv\libs\opencv\include\opencv2_2.4.9\flann\random.h">
      <Filter>addons\ofxOpenCv\libs\opencv\include\opencv2_2.4.9\flann</Filter>
    </ClInclude>
    <ClInclude Include="..\..\of_v0.9.8_vs_release\addons\ofxOpenCv\libs\opencv\include\opencv2_2.4.9\flann\result_set.h">
      <Filter>addons\ofxOpenCv\libs\opencv\include\opencv2_2.4.9\flann</Filter>
    </ClInclude>
    <ClInclude Include="..\..\of_v0.9.8_vs_release\addons\ofxOpenCv\libs\opencv\include\opencv2_2.4.9\flann\sampling.h">
      <Filter>addons\ofxOpenCv\libs\opencv\include\opencv2_2.4.9\flann</Filter>
    </ClInclude>
    <ClInclude Include="..\..\of_v0.9.8_vs_release\addons\ofxOpenCv\libs\opencv\include\opencv2_2.4.9\flann\saving.h">
      <Filter>addons\ofxOpenCv\libs\opencv\include\opencv2_2.4.9\flann</Filter>
    </ClInclude>
    <ClInclude Include="..\..\of_v0.9.8_vs_release\addons\ofxOpenCv\libs\opencv\include\opencv2_2.4.9\flann\simplex_downhill.h">
      <Filter>addons\ofxOpenCv\libs\opencv\include\opencv2_2.4.9\flann</Filter>
    </ClInclude>
    <ClInclude Include="..\..\of_v0.9.8_vs_release\addons\ofxOpenCv\libs\opencv\include\opencv2_2.4.9\flann\timer.h">
      <Filter>addons\ofxOpenCv\libs\opencv\include\opencv2_2.4.9\flann</Filter>
    </ClInclude>
    <ClInclude Include="..\..\of_v0.9.8_vs_release\addons\ofxOpenCv\libs\opencv\include\opencv2_2.4.9\flann\flann.hpp">
      <Filter>addons\ofxOpenCv\libs\opencv\include\opencv2_2.4.9\flann</Filter>
    </ClInclude>
    <ClInclude Include="..\..\of_v0.9.8_vs_release\addons\ofxOpenCv\libs\opencv\include\opencv2_2.4.9\flann\flann_base.hpp">
      <Filter>addons\ofxOpenCv\libs\opencv\include\opencv2_2.4.9\flann</Filter>
    </ClInclude>
    <ClInclude Include="..\..\of_v0.9.8_vs_release\addons\ofxOpenCv\libs\opencv\include\opencv2_2.4.9\flann\miniflann.hpp">
      <Filter>addons\ofxOpenCv\libs\opencv\include\opencv2_2.4.9\flann</Filter>
    </ClInclude>
    <ClInclude Include="..\..\of_v0.9.8_vs_release\addons\ofxOpenCv\libs\opencv\include\opencv2_2.4.9\gpu\devmem2d.hpp">
      <Filter>addons\ofxOpenCv\libs\opencv\include\opencv2_2.4.9\gpu</Filter>
    </ClInclude>
    <ClInclude Include="..\..\of_v0.9.8_vs_release\addons\ofxOpenCv\libs\opencv\include\opencv2_2.4.9\gpu\gpu.hpp">
      <Filter>addons\ofxOpenCv\libs\opencv\include\opencv2_2.4.9\gpu</Filter>
    </ClInclude>
    <ClInclude Include="..\..\of_v0.9.8_vs_release\addons\ofxOpenCv\libs\opencv\include\opencv2_2.4.9\gpu\gpumat.hpp">
      <Filter>addons\ofxOpenCv\libs\opencv\include\opencv2_2.4.9\gpu</Filter>
    </ClInclude>
    <ClInclude Include="..\..\of_v0.9.8_vs_release\addons\ofxOpenCv\libs\opencv\include\opencv2_2.4.9\gpu\stream_accessor.hpp">
      <Filter>addons\ofxOpenCv\libs\opencv\include\opencv2_2.4.9\gpu</Filter>
    </ClInclude>
    <ClInclude Include="..\..\of_v0.9.8_vs_release\addons\ofxOpenCv\libs\opencv\include\opencv2_2.4.9\gpu\device\block.hpp">
      <Filter>addons\ofxOpenCv\libs\opencv\include\opencv2_2.4.9\gpu\device</Filter>
    </ClInclude>
    <ClInclude Include="..\..\of_v0.9.8_vs_release\addons\ofxOpenCv\libs\opencv\include\opencv2_2.4.9\gpu\device\border_interpolate.hpp">
      <Filter>addons\ofxOpenCv\libs\opencv\include\opencv2_2.4.9\gpu\device</Filter>
    </ClInclude>
    <ClInclude Include="..\..\of_v0.9.8_vs_release\addons\ofxOpenCv\libs\opencv\include\opencv2_2.4.9\gpu\device\color.hpp">
      <Filter>addons\ofxOpenCv\libs\opencv\include\opencv2_2.4.9\gpu\device</Filter>
    </ClInclude>
    <ClInclude Include="..\..\of_v0.9.8_vs_release\addons\ofxOpenCv\libs\opencv\include\opencv2_2.4.9\gpu\device\common.hpp">
      <Filter>addons\ofxOpenCv\libs\opencv\include\opencv2_2.4.9\gpu\device</Filter>
    </ClInclude>
    <ClInclude Include="..\..\of_v0.9.8_vs_release\addons\ofxOpenCv\libs\opencv\include\opencv2_2.4.9\gpu\device\datamov_utils.hpp">
      <Filter>addons\ofxOpenCv\libs\opencv\include\opencv2_2.4.9\gpu\device</Filter>
    </ClInclude>
    <ClInclude Include="..\..\of_v0.9.8_vs_release\addons\ofxOpenCv\libs\opencv\include\opencv2_2.4.9\gpu\device\dynamic_smem.hpp">
      <Filter>addons\ofxOpenCv\libs\opencv\include\opencv2_2.4.9\gpu\device</Filter>
    </ClInclude>
    <ClInclude Include="..\..\of_v0.9.8_vs_release\addons\ofxOpenCv\libs\opencv\include\opencv2_2.4.9\gpu\device\emulation.hpp">
      <Filter>addons\ofxOpenCv\libs\opencv\include\opencv2_2.4.9\gpu\device</Filter>
    </ClInclude>
    <ClInclude Include="..\..\of_v0.9.8_vs_release\addons\ofxOpenCv\libs\opencv\include\opencv2_2.4.9\gpu\device\filters.hpp">
      <Filter>addons\ofxOpenCv\libs\opencv\include\opencv2_2.4.9\gpu\device</Filter>
    </ClInclude>
    <ClInclude Include="..\..\of_v0.9.8_vs_release\addons\ofxOpenCv\libs\opencv\include\opencv2_2.4.9\gpu\device\funcattrib.hpp">
      <Filter>addons\ofxOpenCv\libs\opencv\include\opencv2_2.4.9\gpu\device</Filter>
    </ClInclude>
    <ClInclude Include="..\..\of_v0.9.8_vs_release\addons\ofxOpenCv\libs\opencv\include\opencv2_2.4.9\gpu\device\functional.hpp">
      <Filter>addons\ofxOpenCv\libs\opencv\include\opencv2_2.4.9\gpu\device</Filter>
    </ClInclude>
    <ClInclude Include="..\..\of_v0.9.8_vs_release\addons\ofxOpenCv\libs\opencv\include\opencv2_2.4.9\gpu\device\limits.hpp">
      <Filter>addons\ofxOpenCv\libs\opencv\include\opencv2_2.4.9\gpu\device</Filter>
    </ClInclude>
    <ClInclude Include="..\..\of_v0.9.8_vs_release\addons\ofxOpenCv\libs\opencv\include\opencv2_2.4.9\gpu\device\reduce.hpp">
      <Filter>addons\ofxOpenCv\libs\opencv\include\opencv2_2.4.9\gpu\device</Filter>
    </ClInclude>
    <ClInclude Include="..\..\of_v0.9.8_vs_release\addons\ofxOpenCv\libs\opencv\include\opencv2_2.4.9\gpu\device\saturate_cast.hpp">
      <Filter>addons\ofxOpenCv\libs\opencv\include\opencv2_2.4.9\gpu\device</Filter>
    </ClInclude>
    <ClInclude Include="..\..\of_v0.9.8_vs_release\addons\ofxOpenCv\libs\opencv\include\opencv2_2.4.9\gpu\device\scan.hpp">
      <Filter>addons\ofxOpenCv\libs\opencv\include\opencv2_2.4.9\gpu\device</Filter>
    </ClInclude>
    <ClInclude Include="..\..\of_v0.9.8_vs_release\addons\ofxOpenCv\libs\opencv\include\opencv2_2.4.9\gpu\device\simd_functions.hpp">
      <Filter>addons\ofxOpenCv\libs\opencv\include\opencv2_2.4.9\gpu\device</Filter>
    </ClInclude>
    <ClInclude Include="..\..\of_v0.9.8_vs_release\addons\ofxOpenCv\libs\opencv\include\opencv2_2.4.9\gpu\device\static_check.hpp">
      <Filter>addons\ofxOpenCv\libs\opencv\include\opencv2_2.4.9\gpu\device</Filter>
    </ClInclude>
    <ClInclude Include="..\..\of_v0.9.8_vs_release\addons\ofxOpenCv\libs\opencv\include\opencv2_2.4.9\gpu\device\transform.hpp">
      <Filter>addons\ofxOpenCv\libs\opencv\include\opencv2_2.4.9\gpu\device</Filter>
    </ClInclude>
    <ClInclude Include="..\..\of_v0.9.8_vs_release\addons\ofxOpenCv\libs\opencv\include\opencv2_2.4.9\gpu\device\type_traits.hpp">
      <Filter>addons\ofxOpenCv\libs\opencv\include\opencv2_2.4.9\gpu\device</Filter>
    </ClInclude>
    <ClInclude Include="..\..\of_v0.9.8_vs_release\addons\ofxOpenCv\libs\opencv\include\opencv2_2.4.9\gpu\device\utility.hpp">
      <Filter>addons\ofxOpenCv\libs\opencv\include\opencv2_2.4.9\gpu\device</Filter>
    </ClInclude>
    <ClInclude Include="..\..\of_v0.9.8_vs_release\addons\ofxOpenCv\libs\opencv\include\opencv2_2.4.9\gpu\device\vec_distance.hpp">
      <Filter>addons\ofxOpenCv\libs\opencv\include\opencv2_2.4.9\gpu\device</Filter>
    </ClInclude>
    <ClInclude Include="..\..\of_v0.9.8_vs_release\addons\ofxOpenCv\libs\opencv\include\opencv2_2.4.9\gpu\device\vec_math.hpp">
      <Filter>addons\ofxOpenCv\libs\opencv\include\opencv2_2.4.9\gpu\device</Filter>
    </ClInclude>
    <ClInclude Include="..\..\of_v0.9.8_vs_release\addons\ofxOpenCv\libs\opencv\include\opencv2_2.4.9\gpu\device\vec_traits.hpp">
      <Filter>addons\ofxOpenCv\libs\opencv\include\opencv2_2.4.9\gpu\device</Filter>
    </ClInclude>
    <ClInclude Include="..\..\of_v0.9.8_vs_release\addons\ofxOpenCv\libs\opencv\include\opencv2_2.4.9\gpu\device\warp.hpp">
      <Filter>addons\ofxOpenCv\libs\opencv\include\opencv2_2.4.9\gpu\device</Filter>
    </ClInclude>
    <ClInclude Include="..\..\of_v0.9.8_vs_release\addons\ofxOpenCv\libs\opencv\include\opencv2_2.4.9\gpu\device\warp_reduce.hpp">
      <Filter>addons\ofxOpenCv\libs\opencv\include\opencv2_2.4.9\gpu\device</Filter>
    </ClInclude>
    <ClInclude Include="..\..\of_v0.9.8_vs_release\addons\ofxOpenCv\libs\opencv\include\opencv2_2.4.9\gpu\device\warp_shuffle.hpp">
      <Filter>addons\ofxOpenCv\libs\opencv\include\opencv2_2.4.9\gpu\device</Filter>
    </ClInclude>
    <ClInclude Include="..\..\of_v0.9.8_vs_release\addons\ofxOpenCv\libs\opencv\include\opencv2_2.4.9\gpu\device\detail\color_detail.hpp">
      <Filter>addons\ofxOpenCv\libs\opencv\include\opencv2_2.4.9\gpu\device\detail</Filter>
    </ClInclude>
    <ClInclude Include="..\..\of_v0.9.8_vs_release\addons\ofxOpenCv\libs\opencv\include\opencv2_2.4.9\gpu\device\detail\reduce.hpp">
      <Filter>addons\ofxOpenCv\libs\opencv\include\opencv2_2.4.9\gpu\device\detail</Filter>
    </ClInclude>
    <ClInclude Include="..\..\of_v0.9.8_vs_release\addons\ofxOpenCv\libs\opencv\include\opencv2_2.4.9\gpu\device\detail\reduce_key_val.hpp">
      <Filter>addons\ofxOpenCv\libs\opencv\include\opencv2_2.4.9\gpu\device\detail</Filter>
    </ClInclude>
    <ClInclude Include="..\..\of_v0.9.8_vs_release\addons\ofxOpenCv\libs\opencv\include\opencv2_2.4.9\gpu\device\detail\transform_detail.hpp">
      <Filter>addons\ofxOpenCv\libs\opencv\include\opencv2_2.4.9\gpu\device\detail</Filter>
    </ClInclude>
    <ClInclude Include="..\..\of_v0.9.8_vs_release\addons\ofxOpenCv\libs\opencv\include\opencv2_2.4.9\gpu\device\detail\type_traits_detail.hpp">
      <Filter>addons\ofxOpenCv\libs\opencv\include\opencv2_2.4.9\gpu\device\detail</Filter>
    </ClInclude>
    <ClInclude Include="..\..\of_v0.9.8_vs_release\addons\ofxOpenCv\libs\opencv\include\opencv2_2.4.9\gpu\device\detail\vec_distance_detail.hpp">
      <Filter>addons\ofxOpenCv\libs\opencv\include\opencv2_2.4.9\gpu\device\detail</Filter>
    </ClInclude>
    <ClInclude Include="..\..\of_v0.9.8_vs_release\addons\ofxOpenCv\libs\opencv\include\opencv2_2.4.9\highgui\cap_ios.h">
      <Filter>addons\ofxOpenCv\libs\opencv\include\opencv2_2.4.9\highgui</Filter>
    </ClInclude>
    <ClInclude Include="..\..\of_v0.9.8_vs_release\addons\ofxOpenCv\libs\opencv\include\opencv2_2.4.9\highgui\highgui_c.h">
      <Filter>addons\ofxOpenCv\libs\opencv\include\opencv2_2.4.9\highgui</Filter>
    </ClInclude>
    <ClInclude Include="..\..\of_v0.9.8_vs_release\addons\ofxOpenCv\libs\opencv\include\opencv2_2.4.9\highgui\ios.h">
      <Filter>addons\ofxOpenCv\libs\opencv\include\opencv2_2.4.9\highgui</Filter>
    </ClInclude>
    <ClInclude Include="..\..\of_v0.9.8_vs_release\addons\ofxOpenCv\libs\opencv\include\opencv2_2.4.9\highgui\highgui.hpp">
      <Filter>addons\ofxOpenCv\libs\opencv\include\opencv2_2.4.9\highgui</Filter>
    </ClInclude>
    <ClInclude Include="..\..\of_v0.9.8_vs_release\addons\ofxOpenCv\libs\opencv\include\opencv2_2.4.9\imgproc\imgproc_c.h">
      <Filter>addons\ofxOpenCv\libs\opencv\include\opencv2_2.4.9\imgproc</Filter>
    </ClInclude>
    <ClInclude Include="..\..\of_v0.9.8_vs_release\addons\ofxOpenCv\libs\opencv\include\opencv2_2.4.9\imgproc\types_c.h">
      <Filter>addons\ofxOpenCv\libs\opencv\include\opencv2_2.4.9\imgproc</Filter>
    </ClInclude>
    <ClInclude Include="..\..\of_v0.9.8_vs_release\addons\ofxOpenCv\libs\opencv\include\opencv2_2.4.9\imgproc\imgproc.hpp">
      <Filter>addons\ofxOpenCv\libs\opencv\include\opencv2_2.4.9\imgproc</Filter>
    </ClInclude>
    <ClInclude Include="..\..\of_v0.9.8_vs_release\addons\ofxOpenCv\libs\opencv\include\opencv2_2.4.9\legacy\blobtrack.hpp">
      <Filter>addons\ofxOpenCv\libs\opencv\include\opencv2_2.4.9\legacy</Filter>
    </ClInclude>
    <ClInclude Include="..\..\of_v0.9.8_vs_release\addons\ofxOpenCv\libs\opencv\include\opencv2_2.4.9\legacy\compat.hpp">
      <Filter>addons\ofxOpenCv\libs\opencv\include\opencv2_2.4.9\legacy</Filter>
    </ClInclude>
    <ClInclude Include="..\..\of_v0.9.8_vs_release\addons\ofxOpenCv\libs\opencv\include\opencv2_2.4.9\legacy\legacy.hpp">
      <Filter>addons\ofxOpenCv\libs\opencv\include\opencv2_2.4.9\legacy</Filter>
    </ClInclude>
    <ClInclude Include="..\..\of_v0.9.8_vs_release\addons\ofxOpenCv\libs\opencv\include\opencv2_2.4.9\legacy\streams.hpp">
      <Filter>addons\ofxOpenCv\libs\opencv\include\opencv2_2.4.9\legacy</Filter>
    </ClInclude>
    <ClInclude Include="..\..\of_v0.9.8_vs_release\addons\ofxOpenCv\libs\opencv\include\opencv2_2.4.9\ml\ml.hpp">
      <Filter>addons\ofxOpenCv\libs\opencv\include\opencv2_2.4.9\ml</Filter>
    </ClInclude>
    <ClInclude Include="..\..\of_v0.9.8_vs_release\addons\ofxOpenCv\libs\opencv\include\opencv2_2.4.9\nonfree\features2d.hpp">
      <Filter>addons\ofxOpenCv\libs\opencv\include\opencv2_2.4.9\nonfree</Filter>
    </ClInclude>
    <ClInclude Include="..\..\of_v0.9.8_vs_release\addons\ofxOpenCv\libs\opencv\include\opencv2_2.4.9\nonfree\gpu.hpp">
      <Filter>addons\ofxOpenCv\libs\opencv\include\opencv2_2.4.9\nonfree</Filter>
    </ClInclude>
    <ClInclude Include="..\..\of_v0.9.8_vs_release\addons\ofxOpenCv\libs\opencv\include\opencv2_2.4.9\nonfree\nonfree.hpp">
      <Filter>addons\ofxOpenCv\libs\opencv\include\opencv2_2.4.9\nonfree</Filter>
    </ClInclude>
    <ClInclude Include="..\..\of_v0.9.8_vs_release\addons\ofxOpenCv\libs\opencv\include\opencv2_2.4.9\nonfree\ocl.hpp">
      <Filter>addons\ofxOpenCv\libs\opencv\include\opencv2_2.4.9\nonfree</Filter>
    </ClInclude>
    <ClInclude Include="..\..\of_v0.9.8_vs_release\addons\ofxOpenCv\libs\opencv\include\opencv2_2.4.9\objdetect\objdetect.hpp">
      <Filter>addons\ofxOpenCv\libs\opencv\include\opencv2_2.4.9\objdetect</Filter>
    </ClInclude>
    <ClInclude Include="..\..\of_v0.9.8_vs_release\addons\ofxOpenCv\libs\opencv\include\opencv2_2.4.9\photo\photo_c.h">
      <Filter>addons\ofxOpenCv\libs\opencv\include\opencv2_2.4.9\photo</Filter>
    </ClInclude>
    <ClInclude Include="..\..\of_v0.9.8_vs_release\addons\ofxOpenCv\libs\opencv\include\opencv2_2.4.9\photo\photo.hpp">
      <Filter>addons\ofxOpenCv\libs\opencv\include\opencv2_2.4.9\photo</Filter>
    </ClInclude>
    <ClInclude Include="..\..\of_v0.9.8_vs_release\addons\ofxOpenCv\libs\opencv\include\opencv2_2.4.9\stitching\stitcher.hpp">
      <Filter>addons\ofxOpenCv\libs\opencv\include\opencv2_2.4.9\stitching</Filter>
    </ClInclude>
    <ClInclude Include="..\..\of_v0.9.8_vs_release\addons\ofxOpenCv\libs\opencv\include\opencv2_2.4.9\stitching\warpers.hpp">
      <Filter>addons\ofxOpenCv\libs\opencv\include\opencv2_2.4.9\stitching</Filter>
    </ClInclude>
    <ClInclude Include="..\..\of_v0.9.8_vs_release\addons\ofxOpenCv\libs\opencv\include\opencv2_2.4.9\stitching\detail\autocalib.hpp">
      <Filter>addons\ofxOpenCv\libs\opencv\include\opencv2_2.4.9\stitching\detail</Filter>
    </ClInclude>
    <ClInclude Include="..\..\of_v0.9.8_vs_release\addons\ofxOpenCv\libs\opencv\include\opencv2_2.4.9\stitching\detail\blenders.hpp">
      <Filter>addons\ofxOpenCv\libs\opencv\include\opencv2_2.4.9\stitching\detail</Filter>
    </ClInclude>
    <ClInclude Include="..\..\of_v0.9.8_vs_release\addons\ofxOpenCv\libs\opencv\include\opencv2_2.4.9\stitching\detail\camera.hpp">
      <Filter>addons\ofxOpenCv\libs\opencv\include\opencv2_2.4.9\stitching\detail</Filter>
    </ClInclude>
    <ClInclude Include="..\..\of_v0.9.8_vs_release\addons\ofxOpenCv\libs\opencv\include\opencv2_2.4.9\stitching\detail\exposure_compensate.hpp">
      <Filter>addons\ofxOpenCv\libs\opencv\include\opencv2_2.4.9\stitching\detail</Filter>
    </ClInclude>
    <ClInclude Include="..\..\of_v0.9.8_vs_release\addons\ofxOpenCv\libs\opencv\include\opencv2_2.4.9\stitching\detail\matchers.hpp">
      <Filter>addons\ofxOpenCv\libs\opencv\include\opencv2_2.4.9\stitching\detail</Filter>
    </ClInclude>
    <ClInclude Include="..\..\of_v0.9.8_vs_release\addons\ofxOpenCv\libs\opencv\include\opencv2_2.4.9\stitching\detail\motion_estimators.hpp">
      <Filter>addons\ofxOpenCv\libs\opencv\include\opencv2_2.4.9\stitching\detail</Filter>
    </ClInclude>
    <ClInclude Include="..\..\of_v0.9.8_vs_release\addons\ofxOpenCv\libs\opencv\include\opencv2_2.4.9\stitching\detail\seam_finders.hpp">
      <Filter>addons\ofxOpenCv\libs\opencv\include\opencv2_2.4.9\stitching\detail</Filter>
    </ClInclude>
    <ClInclude Include="..\..\of_v0.9.8_vs_release\addons\ofxOpenCv\libs\opencv\include\opencv2_2.4.9\stitching\detail\util.hpp">
      <Filter>addons\ofxOpenCv\libs\opencv\include\opencv2_2.4.9\stitching\detail</Filter>
    </ClInclude>
    <ClInclude Include="..\..\of_v0.9.8_vs_release\addons\ofxOpenCv\libs\opencv\include\opencv2_2.4.9\stitching\detail\util_inl.hpp">
      <Filter>addons\ofxOpenCv\libs\opencv\include\opencv2_2.4.9\stitching\detail</Filter>
    </ClInclude>
    <ClInclude Include="..\..\of_v0.9.8_vs_release\addons\ofxOpenCv\libs\opencv\include\opencv2_2.4.9\stitching\detail\warpers.hpp">
      <Filter>addons\ofxOpenCv\libs\opencv\include\opencv2_2.4.9\stitching\detail</Filter>
    </ClInclude>
    <ClInclude Include="..\..\of_v0.9.8_vs_release\addons\ofxOpenCv\libs\opencv\include\opencv2_2.4.9\stitching\detail\warpers_inl.hpp">
      <Filter>addons\ofxOpenCv\libs\opencv\include\opencv2_2.4.9\stitching\detail</Filter>
    </ClInclude>
    <ClInclude Include="..\..\of_v0.9.8_vs_release\addons\ofxOpenCv\libs\opencv\include\opencv2_2.4.9\superres\optical_flow.hpp">
      <Filter>addons\ofxOpenCv\libs\opencv\include\opencv2_2.4.9\superres</Filter>
    </ClInclude>
    <ClInclude Include="..\..\of_v0.9.8_vs_release\addons\ofxOpenCv\libs\opencv\include\opencv2_2.4.9\superres\superres.hpp">
      <Filter>addons\ofxOpenCv\libs\opencv\include\opencv2_2.4.9\superres</Filter>
    </ClInclude>
    <ClInclude Include="..\..\of_v0.9.8_vs_release\addons\ofxOpenCv\libs\opencv\include\opencv2_2.4.9\ts\ts_gtest.h">
      <Filter>addons\ofxOpenCv\libs\opencv\include\opencv2_2.4.9\ts</Filter>
    </ClInclude>
    <ClInclude Include="..\..\of_v0.9.8_vs_release\addons\ofxOpenCv\libs\opencv\include\opencv2_2.4.9\ts\gpu_perf.hpp">
      <Filter>addons\ofxOpenCv\libs\opencv\include\opencv2_2.4.9\ts</Filter>
    </ClInclude>
    <ClInclude Include="..\..\of_v0.9.8_vs_release\addons\ofxOpenCv\libs\opencv\include\opencv2_2.4.9\ts\gpu_test.hpp">
      <Filter>addons\ofxOpenCv\libs\opencv\include\opencv2_2.4.9\ts</Filter>
    </ClInclude>
    <ClInclude Include="..\..\of_v0.9.8_vs_release\addons\ofxOpenCv\libs\opencv\include\opencv2_2.4.9\ts\ts.hpp">
      <Filter>addons\ofxOpenCv\libs\opencv\include\opencv2_2.4.9\ts</Filter>
    </ClInclude>
    <ClInclude Include="..\..\of_v0.9.8_vs_release\addons\ofxOpenCv\libs\opencv\include\opencv2_2.4.9\ts\ts_perf.hpp">
      <Filter>addons\ofxOpenCv\libs\opencv\include\opencv2_2.4.9\ts</Filter>
    </ClInclude>
    <ClInclude Include="..\..\of_v0.9.8_vs_release\addons\ofxOpenCv\libs\opencv\include\opencv2_2.4.9\video\background_segm.hpp">
      <Filter>addons\ofxOpenCv\libs\opencv\include\opencv2_2.4.9\video</Filter>
    </ClInclude>
    <ClInclude Include="..\..\of_v0.9.8_vs_release\addons\ofxOpenCv\libs\opencv\include\opencv2_2.4.9\video\tracking.hpp">
      <Filter>addons\ofxOpenCv\libs\opencv\include\opencv2_2.4.9\video</Filter>
    </ClInclude>
    <ClInclude Include="..\..\of_v0.9.8_vs_release\addons\ofxOpenCv\libs\opencv\include\opencv2_2.4.9\video\video.hpp">
      <Filter>addons\ofxOpenCv\libs\opencv\include\opencv2_2.4.9\video</Filter>
    </ClInclude>
    <ClInclude Include="..\..\of_v0.9.8_vs_release\addons\ofxOpenCv\libs\opencv\include\opencv2_2.4.9\videostab\deblurring.hpp">
      <Filter>addons\ofxOpenCv\libs\opencv\include\opencv2_2.4.9\videostab</Filter>
    </ClInclude>
    <ClInclude Include="..\..\of_v0.9.8_vs_release\addons\ofxOpenCv\libs\opencv\include\opencv2_2.4.9\videostab\fast_marching.hpp">
      <Filter>addons\ofxOpenCv\libs\opencv\include\opencv2_2.4.9\videostab</Filter>
    </ClInclude>
    <ClInclude Include="..\..\of_v0.9.8_vs_release\addons\ofxOpenCv\libs\opencv\include\opencv2_2.4.9\videostab\fast_marching_inl.hpp">
      <Filter>addons\ofxOpenCv\libs\opencv\include\opencv2_2.4.9\videostab</Filter>
    </ClInclude>
    <ClInclude Include="..\..\of_v0.9.8_vs_release\addons\ofxOpenCv\libs\opencv\include\opencv2_2.4.9\videostab\frame_source.hpp">
      <Filter>addons\ofxOpenCv\libs\opencv\include\opencv2_2.4.9\videostab</Filter>
    </ClInclude>
    <ClInclude Include="..\..\of_v0.9.8_vs_release\addons\ofxOpenCv\libs\opencv\include\opencv2_2.4.9\videostab\global_motion.hpp">
      <Filter>addons\ofxOpenCv\libs\opencv\include\opencv2_2.4.9\videostab</Filter>
    </ClInclude>
    <ClInclude Include="..\..\of_v0.9.8_vs_release\addons\ofxOpenCv\libs\opencv\include\opencv2_2.4.9\videostab\inpainting.hpp">
      <Filter>addons\ofxOpenCv\libs\opencv\include\opencv2_2.4.9\videostab</Filter>
    </ClInclude>
    <ClInclude Include="..\..\of_v0.9.8_vs_release\addons\ofxOpenCv\libs\opencv\include\opencv2_2.4.9\videostab\log.hpp">
      <Filter>addons\ofxOpenCv\libs\opencv\include\opencv2_2.4.9\videostab</Filter>
    </ClInclude>
    <ClInclude Include="..\..\of_v0.9.8_vs_release\addons\ofxOpenCv\libs\opencv\include\opencv2_2.4.9\videostab\motion_stabilizing.hpp">
      <Filter>addons\ofxOpenCv\libs\opencv\include\opencv2_2.4.9\videostab</Filter>
    </ClInclude>
    <ClInclude Include="..\..\of_v0.9.8_vs_release\addons\ofxOpenCv\libs\opencv\include\opencv2_2.4.9\videostab\optical_flow.hpp">
      <Filter>addons\ofxOpenCv\libs\opencv\include\opencv2_2.4.9\videostab</Filter>
    </ClInclude>
    <ClInclude Include="..\..\of_v0.9.8_vs_release\addons\ofxOpenCv\libs\opencv\include\opencv2_2.4.9\videostab\stabilizer.hpp">
      <Filter>addons\ofxOpenCv\libs\opencv\include\opencv2_2.4.9\videostab</Filter>
    </ClInclude>
    <ClInclude Include="..\..\of_v0.9.8_vs_release\addons\ofxOpenCv\libs\opencv\include\opencv2_2.4.9\videostab\videostab.hpp">
      <Filter>addons\ofxOpenCv\libs\opencv\include\opencv2_2.4.9\videostab</Filter>
    </ClInclude>
    <ClInclude Include="..\..\of_v0.9.8_vs_release\addons\ofxOpenCv\libs\opencv\include\opencv_2.4.9\cv.h">
      <Filter>addons\ofxOpenCv\libs\opencv\include\opencv_2.4.9</Filter>
    </ClInclude>
    <ClInclude Include="..\..\of_v0.9.8_vs_release\addons\ofxOpenCv\libs\opencv\include\opencv_2.4.9\cvaux.h">
      <Filter>addons\ofxOpenCv\libs\opencv\include\opencv_2.4.9</Filter>
    </ClInclude>
    <ClInclude Include="..\..\of_v0.9.8_vs_release\addons\ofxOpenCv\libs\opencv\include\opencv_2.4.9\cvwimage.h">
      <Filter>addons\ofxOpenCv\libs\opencv\include\opencv_2.4.9</Filter>
    </ClInclude>
    <ClInclude Include="..\..\of_v0.9.8_vs_release\addons\ofxOpenCv\libs\opencv\include\opencv_2.4.9\cxcore.h">
      <Filter>addons\ofxOpenCv\libs\opencv\include\opencv_2.4.9</Filter>
    </ClInclude>
    <ClInclude Include="..\..\of_v0.9.8_vs_release\addons\ofxOpenCv\libs\opencv\include\opencv_2.4.9\cxmisc.h">
      <Filter>addons\ofxOpenCv\libs\opencv\include\opencv_2.4.9</Filter>
    </ClInclude>
    <ClInclude Include="..\..\of_v0.9.8_vs_release\addons\ofxOpenCv\libs\opencv\include\opencv_2.4.9\highgui.h">
      <Filter>addons\ofxOpenCv\libs\opencv\include\opencv_2.4.9</Filter>
    </ClInclude>
    <ClInclude Include="..\..\of_v0.9.8_vs_release\addons\ofxOpenCv\libs\opencv\include\opencv_2.4.9\ml.h">
      <Filter>addons\ofxOpenCv\libs\opencv\include\opencv_2.4.9</Filter>
    </ClInclude>
    <ClInclude Include="..\..\of_v0.9.8_vs_release\addons\ofxOpenCv\libs\opencv\include\opencv_2.4.9\cv.hpp">
      <Filter>addons\ofxOpenCv\libs\opencv\include\opencv_2.4.9</Filter>
    </ClInclude>
    <ClInclude Include="..\..\of_v0.9.8_vs_release\addons\ofxOpenCv\libs\opencv\include\opencv_2.4.9\cvaux.hpp">
      <Filter>addons\ofxOpenCv\libs\opencv\include\opencv_2.4.9</Filter>
    </ClInclude>
    <ClInclude Include="..\..\of_v0.9.8_vs_release\addons\ofxOpenCv\libs\opencv\include\opencv_2.4.9\cxcore.hpp">
      <Filter>addons\ofxOpenCv\libs\opencv\include\opencv_2.4.9</Filter>
    </ClInclude>
    <ClInclude Include="..\..\of_v0.9.8_vs_release\addons\ofxOpenCv\libs\opencv\include\opencv_2.4.9\cxeigen.hpp">
      <Filter>addons\ofxOpenCv\libs\opencv\include\opencv_2.4.9</Filter>
    </ClInclude>
    <ClInclude Include="src\Alignment.h">
      <Filter>src</Filter>
    </ClInclude>
  </ItemGroup>
  <ItemGroup>
    <ResourceCompile Include="icon.rc" />
  </ItemGroup>
</Project>