<?xml version="1.0" encoding="utf-8"?>
<Project ToolsVersion="4.0" xmlns="http://schemas.microsoft.com/developer/msbuild/2003">
  <ItemGroup>
    <ClCompile Include="src\ofApp.cpp">
      <Filter>src</Filter>
    </ClCompile>
    <ClCompile Include="src\main.cpp">
      <Filter>src</Filter>
    </ClCompile>
    <ClCompile Include="..\..\..\of_v0.9.3_vs_release\of_v0.9.3_vs_release\addons\ofxMSACore-master\src\MSACoreGL.cpp">
      <Filter>addons\ofxMSACore-master\src</Filter>
    </ClCompile>
  </ItemGroup>
  <ItemGroup>
    <Filter Include="src">
      <UniqueIdentifier>{d8376475-7454-4a24-b08a-aac121d3ad6f}</UniqueIdentifier>
    </Filter>
    <Filter Include="addons">
      <UniqueIdentifier>{97559c68-0f0a-4efa-8e68-1f791ea1b34a}</UniqueIdentifier>
    </Filter>
    <Filter Include="addons\ofxMSACore-master">
      <UniqueIdentifier>{00ebbce0-5f93-4be7-ac80-352ef8492222}</UniqueIdentifier>
    </Filter>
    <Filter Include="addons\ofxMSACore-master\src">
      <UniqueIdentifier>{15115277-cae0-4d7b-9269-f11dc9cd9d60}</UniqueIdentifier>
    </Filter>
    <Filter Include="addons\ofxMSAPhysics-master">
      <UniqueIdentifier>{7f670db2-9793-43c3-9b47-0714f73d11db}</UniqueIdentifier>
    </Filter>
    <Filter Include="addons\ofxMSAPhysics-master\src">
      <UniqueIdentifier>{728d2f06-c415-4e5b-b041-d66f8a5e7b6e}</UniqueIdentifier>
    </Filter>
    <Filter Include="addons\ofxMSAPhysics-master\src\obselete">
      <UniqueIdentifier>{9dd5e2b1-6870-4b23-bc67-dfd3be831aae}</UniqueIdentifier>
    </Filter>
  </ItemGroup>
  <ItemGroup>
    <ClInclude Include="src\ofApp.h">
      <Filter>src</Filter>
    </ClInclude>
    <ClInclude Include="..\..\..\of_v0.9.3_vs_release\of_v0.9.3_vs_release\addons\ofxMSACore-master\src\MSACore-Cinder.h">
      <Filter>addons\ofxMSACore-master\src</Filter>
    </ClInclude>
    <ClInclude Include="..\..\..\of_v0.9.3_vs_release\of_v0.9.3_vs_release\addons\ofxMSACore-master\src\MSACore-OF.h">
      <Filter>addons\ofxMSACore-master\src</Filter>
    </ClInclude>
    <ClInclude Include="..\..\..\of_v0.9.3_vs_release\of_v0.9.3_vs_release\addons\ofxMSACore-master\src\MSACore.h">
      <Filter>addons\ofxMSACore-master\src</Filter>
    </ClInclude>
    <ClInclude Include="..\..\..\of_v0.9.3_vs_release\of_v0.9.3_vs_release\addons\ofxMSACore-master\src\MSACoreCommon.h">
      <Filter>addons\ofxMSACore-master\src</Filter>
    </ClInclude>
    <ClInclude Include="..\..\..\of_v0.9.3_vs_release\of_v0.9.3_vs_release\addons\ofxMSACore-master\src\MSACoreGL.h">
      <Filter>addons\ofxMSACore-master\src</Filter>
    </ClInclude>
    <ClInclude Include="..\..\..\of_v0.9.3_vs_release\of_v0.9.3_vs_release\addons\ofxMSACore-master\src\MSACoreMath.h">
      <Filter>addons\ofxMSACore-master\src</Filter>
    </ClInclude>
    <ClInclude Include="..\..\..\of_v0.9.3_vs_release\of_v0.9.3_vs_release\addons\ofxMSAPhysics-master\src\MSAPhysics.h">
      <Filter>addons\ofxMSAPhysics-master\src</Filter>
    </ClInclude>
    <ClInclude Include="..\..\..\of_v0.9.3_vs_release\of_v0.9.3_vs_release\addons\ofxMSAPhysics-master\src\MSAPhysics2D.h">
      <Filter>addons\ofxMSAPhysics-master\src</Filter>
    </ClInclude>
    <ClInclude Include="..\..\..\of_v0.9.3_vs_release\of_v0.9.3_vs_release\addons\ofxMSAPhysics-master\src\MSAPhysics3D.h">
      <Filter>addons\ofxMSAPhysics-master\src</Filter>
    </ClInclude>
    <ClInclude Include="..\..\..\of_v0.9.3_vs_release\of_v0.9.3_vs_release\addons\ofxMSAPhysics-master\src\MSAPhysicsAttraction.h">
      <Filter>addons\ofxMSAPhysics-master\src</Filter>
    </ClInclude>
    <ClInclude Include="..\..\..\of_v0.9.3_vs_release\of_v0.9.3_vs_release\addons\ofxMSAPhysics-master\src\MSAPhysicsConstraint.h">
      <Filter>addons\ofxMSAPhysics-master\src</Filter>
    </ClInclude>
    <ClInclude Include="..\..\..\of_v0.9.3_vs_release\of_v0.9.3_vs_release\addons\ofxMSAPhysics-master\src\MSAPhysicsParams.h">
      <Filter>addons\ofxMSAPhysics-master\src</Filter>
    </ClInclude>
    <ClInclude Include="..\..\..\of_v0.9.3_vs_release\of_v0.9.3_vs_release\addons\ofxMSAPhysics-master\src\MSAPhysicsParticle.h">
      <Filter>addons\ofxMSAPhysics-master\src</Filter>
    </ClInclude>
    <ClInclude Include="..\..\..\of_v0.9.3_vs_release\of_v0.9.3_vs_release\addons\ofxMSAPhysics-master\src\MSAPhysicsSector.h">
      <Filter>addons\ofxMSAPhysics-master\src</Filter>
    </ClInclude>
    <ClInclude Include="..\..\..\of_v0.9.3_vs_release\of_v0.9.3_vs_release\addons\ofxMSAPhysics-master\src\MSAPhysicsSpring.h">
      <Filter>addons\ofxMSAPhysics-master\src</Filter>
    </ClInclude>
    <ClInclude Include="..\..\..\of_v0.9.3_vs_release\of_v0.9.3_vs_release\addons\ofxMSAPhysics-master\src\MSAPhysicsTypes.h">
      <Filter>addons\ofxMSAPhysics-master\src</Filter>
    </ClInclude>
    <ClInclude Include="..\..\..\of_v0.9.3_vs_release\of_v0.9.3_vs_release\addons\ofxMSAPhysics-master\src\MSAPhysicsWorld.h">
      <Filter>addons\ofxMSAPhysics-master\src</Filter>
    </ClInclude>
    <ClInclude Include="..\..\..\of_v0.9.3_vs_release\of_v0.9.3_vs_release\addons\ofxMSAPhysics-master\src\obselete\MSAPhysicsCallbacks.h">
      <Filter>addons\ofxMSAPhysics-master\src\obselete</Filter>
    </ClInclude>
    <ClInclude Include="..\..\..\of_v0.9.3_vs_release\of_v0.9.3_vs_release\addons\ofxMSAPhysics-master\src\obselete\MSAPhysicsDataRecorder.h">
      <Filter>addons\ofxMSAPhysics-master\src\obselete</Filter>
    </ClInclude>
    <ClInclude Include="..\..\..\of_v0.9.3_vs_release\of_v0.9.3_vs_release\addons\ofxMSAPhysics-master\src\obselete\MSAPhysicsParticleDrawer.h">
      <Filter>addons\ofxMSAPhysics-master\src\obselete</Filter>
    </ClInclude>
    <ClInclude Include="..\..\..\of_v0.9.3_vs_release\of_v0.9.3_vs_release\addons\ofxMSAPhysics-master\src\obselete\MSAPhysicsParticleUpdater.h">
      <Filter>addons\ofxMSAPhysics-master\src\obselete</Filter>
    </ClInclude>
  </ItemGroup>
  <ItemGroup>
    <ResourceCompile Include="icon.rc" />
  </ItemGroup>
</Project>